// !$*UTF8*$!
{
	archiveVersion = 1;
	classes = {
	};
	objectVersion = 46;
	objects = {

/* Begin PBXBuildFile section */
		FA15FC8C1A1D8DFF00C175AB /* GBMapViewController.m in Sources */ = {isa = PBXBuildFile; fileRef = FA15FC8B1A1D8DFF00C175AB /* GBMapViewController.m */; };
		FA15FC921A1DA1A800C175AB /* GBBuildingsViewController.m in Sources */ = {isa = PBXBuildFile; fileRef = FA15FC911A1DA1A800C175AB /* GBBuildingsViewController.m */; };
		FA15FC951A1DB14A00C175AB /* GBBuilding.m in Sources */ = {isa = PBXBuildFile; fileRef = FA15FC941A1DB14A00C175AB /* GBBuilding.m */; };
		FA1FE93618A1D8A300757643 /* main.m in Sources */ = {isa = PBXBuildFile; fileRef = FA1FE93518A1D8A300757643 /* main.m */; };
		FA1FE93A18A1D8A300757643 /* GBAppDelegate.m in Sources */ = {isa = PBXBuildFile; fileRef = FA1FE93918A1D8A300757643 /* GBAppDelegate.m */; };
		FA1FE94218A1D8A300757643 /* Images.xcassets in Resources */ = {isa = PBXBuildFile; fileRef = FA1FE94118A1D8A300757643 /* Images.xcassets */; };
		FA1FE95318A1D8A300757643 /* InfoPlist.strings in Resources */ = {isa = PBXBuildFile; fileRef = FA1FE95118A1D8A300757643 /* InfoPlist.strings */; };
		FA1FE95518A1D8A300757643 /* GT_BusesTests.m in Sources */ = {isa = PBXBuildFile; fileRef = FA1FE95418A1D8A300757643 /* GT_BusesTests.m */; };
		FA1FE96D18A1D9A400757643 /* GBMapHandler.m in Sources */ = {isa = PBXBuildFile; fileRef = FA1FE96A18A1D9A400757643 /* GBMapHandler.m */; };
		FA1FE96E18A1D9A400757643 /* GBRoute.m in Sources */ = {isa = PBXBuildFile; fileRef = FA1FE96C18A1D9A400757643 /* GBRoute.m */; };
		FA1FE97518A1D9B000757643 /* GBBusAnnotation.m in Sources */ = {isa = PBXBuildFile; fileRef = FA1FE97018A1D9B000757643 /* GBBusAnnotation.m */; };
		FA1FE97618A1D9B000757643 /* GBBusRouteLine.m in Sources */ = {isa = PBXBuildFile; fileRef = FA1FE97218A1D9B000757643 /* GBBusRouteLine.m */; };
		FA1FE97718A1D9B000757643 /* GBStopAnnotation.m in Sources */ = {isa = PBXBuildFile; fileRef = FA1FE97418A1D9B000757643 /* GBStopAnnotation.m */; };
		FA1FE97C18A1D9C600757643 /* GBColors.m in Sources */ = {isa = PBXBuildFile; fileRef = FA1FE97918A1D9C600757643 /* GBColors.m */; };
		FA1FE98118A1D9DD00757643 /* XMLReader.m in Sources */ = {isa = PBXBuildFile; fileRef = FA1FE98018A1D9DD00757643 /* XMLReader.m */; };
		FA1FE98418A1D9F800757643 /* RequestHandler.m in Sources */ = {isa = PBXBuildFile; fileRef = FA1FE98318A1D9F800757643 /* RequestHandler.m */; };
		FA2B6FC41A1430BA00C60449 /* GBStop.m in Sources */ = {isa = PBXBuildFile; fileRef = FA2B6FC31A1430BA00C60449 /* GBStop.m */; };
		FA4519091A2272DA00EC849C /* GBExtensionViewController.m in Sources */ = {isa = PBXBuildFile; fileRef = FAC4807A1A201B330000DC6B /* GBExtensionViewController.m */; };
		FA45190B1A2272DF00EC849C /* GBErrorView.m in Sources */ = {isa = PBXBuildFile; fileRef = FAC480781A201B330000DC6B /* GBErrorView.m */; };
		FA45190C1A2272E100EC849C /* GBSectionHeaderView.m in Sources */ = {isa = PBXBuildFile; fileRef = FAC4807C1A201B330000DC6B /* GBSectionHeaderView.m */; };
		FA45190D1A2272E400EC849C /* GBSectionView.m in Sources */ = {isa = PBXBuildFile; fileRef = FAC4807E1A201B330000DC6B /* GBSectionView.m */; };
		FA45190E1A2272E600EC849C /* GBStopGroup.m in Sources */ = {isa = PBXBuildFile; fileRef = FAC480801A201B330000DC6B /* GBStopGroup.m */; };
		FA45190F1A2272E900EC849C /* GBStopView.m in Sources */ = {isa = PBXBuildFile; fileRef = FAC480821A201B330000DC6B /* GBStopView.m */; };
		FA4519101A2272FC00EC849C /* XMLReader.m in Sources */ = {isa = PBXBuildFile; fileRef = FA1FE98018A1D9DD00757643 /* XMLReader.m */; };
		FA4519111A22730000EC849C /* RequestHandler.m in Sources */ = {isa = PBXBuildFile; fileRef = FA1FE98318A1D9F800757643 /* RequestHandler.m */; };
		FA4519121A22730500EC849C /* GBRoute.m in Sources */ = {isa = PBXBuildFile; fileRef = FA1FE96C18A1D9A400757643 /* GBRoute.m */; };
		FA4519131A22730700EC849C /* GBStop.m in Sources */ = {isa = PBXBuildFile; fileRef = FA2B6FC31A1430BA00C60449 /* GBStop.m */; };
		FA4519151A22734700EC849C /* GBConstants.m in Sources */ = {isa = PBXBuildFile; fileRef = FADE7D0A1967504600F318D5 /* GBConstants.m */; };
		FA4519161A22734A00EC849C /* GBRequestHandler.m in Sources */ = {isa = PBXBuildFile; fileRef = FADE7D151967605B00F318D5 /* GBRequestHandler.m */; };
		FA4519171A22734F00EC849C /* GBDirection.m in Sources */ = {isa = PBXBuildFile; fileRef = FAA7B6B71A194F1200CB8FB2 /* GBDirection.m */; };
		FA4519181A22740F00EC849C /* Localizable.strings in Resources */ = {isa = PBXBuildFile; fileRef = FA5531471A20E75300BAFB90 /* Localizable.strings */; };
		FA4519191A22744B00EC849C /* GBColors.m in Sources */ = {isa = PBXBuildFile; fileRef = FA1FE97918A1D9C600757643 /* GBColors.m */; };
		FA5531491A20E75300BAFB90 /* InfoPlist.strings in Resources */ = {isa = PBXBuildFile; fileRef = FA5531451A20E75300BAFB90 /* InfoPlist.strings */; };
		FA55314A1A20E75300BAFB90 /* Localizable.strings in Resources */ = {isa = PBXBuildFile; fileRef = FA5531471A20E75300BAFB90 /* Localizable.strings */; };
		FA5E50F11A2568D90031E825 /* GBRootViewController.m in Sources */ = {isa = PBXBuildFile; fileRef = FA8C118A19D30758008F5927 /* GBRootViewController.m */; };
		FA5E50F21A2568ED0031E825 /* GBBuilding.m in Sources */ = {isa = PBXBuildFile; fileRef = FA15FC941A1DB14A00C175AB /* GBBuilding.m */; };
		FA5E50F31A2569030031E825 /* GBMapView.m in Sources */ = {isa = PBXBuildFile; fileRef = FA7005591A1F012D00694D10 /* GBMapView.m */; };
		FA5E50F41A2569190031E825 /* GBBuildingsViewController.m in Sources */ = {isa = PBXBuildFile; fileRef = FA15FC911A1DA1A800C175AB /* GBBuildingsViewController.m */; };
		FA5E50F51A2569260031E825 /* GBConstants.m in Sources */ = {isa = PBXBuildFile; fileRef = FADE7D0A1967504600F318D5 /* GBConstants.m */; };
		FA5E50F71A25692D0031E825 /* GBSettingsViewController.m in Sources */ = {isa = PBXBuildFile; fileRef = FAB56ABC1A229E4200CBDD76 /* GBSettingsViewController.m */; };
		FA5E50FA1A2569900031E825 /* GBRequestHandler.m in Sources */ = {isa = PBXBuildFile; fileRef = FADE7D151967605B00F318D5 /* GBRequestHandler.m */; };
		FA5E50FB1A2569940031E825 /* XMLReader.m in Sources */ = {isa = PBXBuildFile; fileRef = FA1FE98018A1D9DD00757643 /* XMLReader.m */; };
		FA5E50FC1A2569990031E825 /* RequestHandler.m in Sources */ = {isa = PBXBuildFile; fileRef = FA1FE98318A1D9F800757643 /* RequestHandler.m */; };
		FA5E51001A256A490031E825 /* GBMapViewController.m in Sources */ = {isa = PBXBuildFile; fileRef = FA15FC8B1A1D8DFF00C175AB /* GBMapViewController.m */; };
		FA5E51011A256A590031E825 /* GBBuildingAnnotation.m in Sources */ = {isa = PBXBuildFile; fileRef = FAC396CE1A1EE16E00B79004 /* GBBuildingAnnotation.m */; };
		FA5E51021A256A810031E825 /* MKMapView+AppStoreMap.m in Sources */ = {isa = PBXBuildFile; fileRef = FAAF78F719A8F53000E4B2D6 /* MKMapView+AppStoreMap.m */; };
		FA5E51031A256A840031E825 /* GBBusAnnotationView.m in Sources */ = {isa = PBXBuildFile; fileRef = FADEF8C21A1F1545000D4563 /* GBBusAnnotationView.m */; };
		FA5E51041A256A870031E825 /* GBBusRouteLine.m in Sources */ = {isa = PBXBuildFile; fileRef = FA1FE97218A1D9B000757643 /* GBBusRouteLine.m */; };
		FA5E51051A256A8C0031E825 /* GBMapHandler.m in Sources */ = {isa = PBXBuildFile; fileRef = FA1FE96A18A1D9A400757643 /* GBMapHandler.m */; };
		FA5E51061A256A8C0031E825 /* GBBusAnnotation.m in Sources */ = {isa = PBXBuildFile; fileRef = FA1FE97018A1D9B000757643 /* GBBusAnnotation.m */; };
		FA5E51071A256A8C0031E825 /* GBStopAnnotation.m in Sources */ = {isa = PBXBuildFile; fileRef = FA1FE97418A1D9B000757643 /* GBStopAnnotation.m */; };
		FA5E51091A256ADA0031E825 /* MapKit.framework in Frameworks */ = {isa = PBXBuildFile; fileRef = FA5E51081A256ADA0031E825 /* MapKit.framework */; };
		FA5E510C1A256B070031E825 /* GBColors.m in Sources */ = {isa = PBXBuildFile; fileRef = FA1FE97918A1D9C600757643 /* GBColors.m */; };
		FA5E510D1A256B070031E825 /* GBUserInterface.m in Sources */ = {isa = PBXBuildFile; fileRef = FAA1234C18A5793C0049A5FA /* GBUserInterface.m */; };
		FA5E510E1A256B070031E825 /* GBBusRouteControlView.m in Sources */ = {isa = PBXBuildFile; fileRef = FADE7D0F1967555800F318D5 /* GBBusRouteControlView.m */; };
		FA5E510F1A256B070031E825 /* GBWindow.m in Sources */ = {isa = PBXBuildFile; fileRef = FAD597C01A12C66E0079B36C /* GBWindow.m */; };
		FA5E51101A256B070031E825 /* GBFavoriteButton.m in Sources */ = {isa = PBXBuildFile; fileRef = FA75CFD21A13CD27000B9CD6 /* GBFavoriteButton.m */; };
		FA5E51111A256B070031E825 /* GBImage.m in Sources */ = {isa = PBXBuildFile; fileRef = FAD6A33F1A1CE4F500D98955 /* GBImage.m */; };
		FA5E51121A256B0C0031E825 /* GBSupportEmail.m in Sources */ = {isa = PBXBuildFile; fileRef = FA8D789019C7AACE000A657C /* GBSupportEmail.m */; };
		FA5E51131A256B0C0031E825 /* UIViewController+GBMailComposer.m in Sources */ = {isa = PBXBuildFile; fileRef = FAB682D1199D436600C0BF89 /* UIViewController+GBMailComposer.m */; };
		FA5E51141A256B160031E825 /* GBConfig.m in Sources */ = {isa = PBXBuildFile; fileRef = FACFA1A11A0DAE2A00F3E2C3 /* GBConfig.m */; };
		FA5E51161A256B160031E825 /* GBRoute.m in Sources */ = {isa = PBXBuildFile; fileRef = FA1FE96C18A1D9A400757643 /* GBRoute.m */; };
		FA5E51171A256B160031E825 /* GBStop.m in Sources */ = {isa = PBXBuildFile; fileRef = FA2B6FC31A1430BA00C60449 /* GBStop.m */; };
		FA5E51181A256B160031E825 /* GBDirection.m in Sources */ = {isa = PBXBuildFile; fileRef = FAA7B6B71A194F1200CB8FB2 /* GBDirection.m */; };
		FA5E51191A256B160031E825 /* GBBus.m in Sources */ = {isa = PBXBuildFile; fileRef = FA70055F1A1F0AD300694D10 /* GBBus.m */; };
		FA5E511D1A256CA60031E825 /* GBAppDelegate.m in Sources */ = {isa = PBXBuildFile; fileRef = FA1FE93918A1D8A300757643 /* GBAppDelegate.m */; };
		FA5E51241A25716D0031E825 /* UIDevice+Hardware.m in Sources */ = {isa = PBXBuildFile; fileRef = FAF453B81A2141E7005A16A9 /* UIDevice+Hardware.m */; };
		FA5E51261A2587F00031E825 /* Buses.m in Sources */ = {isa = PBXBuildFile; fileRef = FA5E51251A2587F00031E825 /* Buses.m */; };
		FA5E51291A258A5F0031E825 /* Buses.h in Headers */ = {isa = PBXBuildFile; fileRef = FA5E50D81A2567370031E825 /* Buses.h */; settings = {ATTRIBUTES = (Public, ); }; };
		FA5E512A1A258ADB0031E825 /* GBAppDelegate.h in Headers */ = {isa = PBXBuildFile; fileRef = FA1FE93818A1D8A300757643 /* GBAppDelegate.h */; };
		FA6980AC1A22BEC100C45568 /* Extension.xcassets in Resources */ = {isa = PBXBuildFile; fileRef = FAC480741A201B330000DC6B /* Extension.xcassets */; };
		FA70055A1A1F012D00694D10 /* GBMapView.m in Sources */ = {isa = PBXBuildFile; fileRef = FA7005591A1F012D00694D10 /* GBMapView.m */; };
		FA7005601A1F0AD300694D10 /* GBBus.m in Sources */ = {isa = PBXBuildFile; fileRef = FA70055F1A1F0AD300694D10 /* GBBus.m */; };
		FA75CFD31A13CD27000B9CD6 /* GBFavoriteButton.m in Sources */ = {isa = PBXBuildFile; fileRef = FA75CFD21A13CD27000B9CD6 /* GBFavoriteButton.m */; };
		FA8A287719C7485900B02EDA /* Predictions.xml in Resources */ = {isa = PBXBuildFile; fileRef = FA8A287519C7485900B02EDA /* Predictions.xml */; };
		FA8A287B19C7487500B02EDA /* Locations.xml in Resources */ = {isa = PBXBuildFile; fileRef = FA8A287919C7487500B02EDA /* Locations.xml */; };
		FA8C118B19D30758008F5927 /* GBRootViewController.m in Sources */ = {isa = PBXBuildFile; fileRef = FA8C118A19D30758008F5927 /* GBRootViewController.m */; };
		FA8D789119C7AACE000A657C /* GBSupportEmail.m in Sources */ = {isa = PBXBuildFile; fileRef = FA8D789019C7AACE000A657C /* GBSupportEmail.m */; };
		FA8EC67E1A27AA4100E54A86 /* GBSwitchView.m in Sources */ = {isa = PBXBuildFile; fileRef = FA8EC67D1A27AA4100E54A86 /* GBSwitchView.m */; };
		FA8F828919AC0131008FE578 /* RouteConfig.xml in Resources */ = {isa = PBXBuildFile; fileRef = FA3C921719AA8AD300CEC529 /* RouteConfig.xml */; };
		FA938B3C1A26B7B20018823A /* GBBuildingCell.m in Sources */ = {isa = PBXBuildFile; fileRef = FA938B3B1A26B7B20018823A /* GBBuildingCell.m */; };
		FA938B411A26C8900018823A /* GBConstraintHelper.h in Headers */ = {isa = PBXBuildFile; fileRef = FA938B3F1A26C8900018823A /* GBConstraintHelper.h */; };
		FA938B421A26C8900018823A /* GBConstraintHelper.m in Sources */ = {isa = PBXBuildFile; fileRef = FA938B401A26C8900018823A /* GBConstraintHelper.m */; };
		FA938B431A26C8900018823A /* GBConstraintHelper.m in Sources */ = {isa = PBXBuildFile; fileRef = FA938B401A26C8900018823A /* GBConstraintHelper.m */; };
		FA938B441A26C8900018823A /* GBConstraintHelper.m in Sources */ = {isa = PBXBuildFile; fileRef = FA938B401A26C8900018823A /* GBConstraintHelper.m */; };
		FA938B451A26C8900018823A /* GBConstraintHelper.m in Sources */ = {isa = PBXBuildFile; fileRef = FA938B401A26C8900018823A /* GBConstraintHelper.m */; };
		FA938B461A26E26D0018823A /* GBConfig.m in Sources */ = {isa = PBXBuildFile; fileRef = FACFA1A11A0DAE2A00F3E2C3 /* GBConfig.m */; };
		FA938B471A26E26E0018823A /* GBConfig.m in Sources */ = {isa = PBXBuildFile; fileRef = FACFA1A11A0DAE2A00F3E2C3 /* GBConfig.m */; };
		FAA1234D18A5793C0049A5FA /* GBUserInterface.m in Sources */ = {isa = PBXBuildFile; fileRef = FAA1234C18A5793C0049A5FA /* GBUserInterface.m */; };
		FAA7B6B81A194F1200CB8FB2 /* GBDirection.m in Sources */ = {isa = PBXBuildFile; fileRef = FAA7B6B71A194F1200CB8FB2 /* GBDirection.m */; };
		FAAF78F819A8F53000E4B2D6 /* MKMapView+AppStoreMap.m in Sources */ = {isa = PBXBuildFile; fileRef = FAAF78F719A8F53000E4B2D6 /* MKMapView+AppStoreMap.m */; };
		FAB56ABD1A229E4200CBDD76 /* GBSettingsViewController.m in Sources */ = {isa = PBXBuildFile; fileRef = FAB56ABC1A229E4200CBDD76 /* GBSettingsViewController.m */; };
		FAB682D2199D436600C0BF89 /* UIViewController+GBMailComposer.m in Sources */ = {isa = PBXBuildFile; fileRef = FAB682D1199D436600C0BF89 /* UIViewController+GBMailComposer.m */; };
		FAB9D2671A2270F700EC9736 /* NotificationCenter.framework in Frameworks */ = {isa = PBXBuildFile; fileRef = FAA201A519BE703900FA1E7D /* NotificationCenter.framework */; };
		FAB9D26D1A2270F700EC9736 /* TodayViewController.m in Sources */ = {isa = PBXBuildFile; fileRef = FAB9D26C1A2270F700EC9736 /* TodayViewController.m */; };
		FAB9D26F1A2270F700EC9736 /* MainInterface.storyboard in Resources */ = {isa = PBXBuildFile; fileRef = FAB9D26E1A2270F700EC9736 /* MainInterface.storyboard */; };
		FAB9D2721A2270F700EC9736 /* GT-Buses Nearby.appex in Embed App Extensions */ = {isa = PBXBuildFile; fileRef = FAB9D2661A2270F700EC9736 /* GT-Buses Nearby.appex */; settings = {ATTRIBUTES = (RemoveHeadersOnCopy, ); }; };
		FAC396CF1A1EE16E00B79004 /* GBBuildingAnnotation.m in Sources */ = {isa = PBXBuildFile; fileRef = FAC396CE1A1EE16E00B79004 /* GBBuildingAnnotation.m */; };
		FAC480161A2004D20000DC6B /* NotificationCenter.framework in Frameworks */ = {isa = PBXBuildFile; fileRef = FAA201A519BE703900FA1E7D /* NotificationCenter.framework */; };
		FAC4801C1A2004D20000DC6B /* TodayViewController.m in Sources */ = {isa = PBXBuildFile; fileRef = FAC4801B1A2004D20000DC6B /* TodayViewController.m */; };
		FAC4801E1A2004D20000DC6B /* MainInterface.storyboard in Resources */ = {isa = PBXBuildFile; fileRef = FAC4801D1A2004D20000DC6B /* MainInterface.storyboard */; };
		FAC480211A2004D20000DC6B /* GT-Buses Favorites.appex in Embed App Extensions */ = {isa = PBXBuildFile; fileRef = FAC480151A2004D20000DC6B /* GT-Buses Favorites.appex */; settings = {ATTRIBUTES = (RemoveHeadersOnCopy, ); }; };
		FAC480321A2008DE0000DC6B /* GBRequestHandler.m in Sources */ = {isa = PBXBuildFile; fileRef = FADE7D151967605B00F318D5 /* GBRequestHandler.m */; };
		FAC480331A2008EA0000DC6B /* RequestHandler.m in Sources */ = {isa = PBXBuildFile; fileRef = FA1FE98318A1D9F800757643 /* RequestHandler.m */; };
		FAC480341A2009550000DC6B /* GBConstants.m in Sources */ = {isa = PBXBuildFile; fileRef = FADE7D0A1967504600F318D5 /* GBConstants.m */; };
		FAC480371A200F3E0000DC6B /* GBRoute.m in Sources */ = {isa = PBXBuildFile; fileRef = FA1FE96C18A1D9A400757643 /* GBRoute.m */; };
		FAC480381A200F400000DC6B /* GBStop.m in Sources */ = {isa = PBXBuildFile; fileRef = FA2B6FC31A1430BA00C60449 /* GBStop.m */; };
		FAC480391A200F550000DC6B /* GBDirection.m in Sources */ = {isa = PBXBuildFile; fileRef = FAA7B6B71A194F1200CB8FB2 /* GBDirection.m */; };
		FAC4803A1A200F770000DC6B /* GBColors.m in Sources */ = {isa = PBXBuildFile; fileRef = FA1FE97918A1D9C600757643 /* GBColors.m */; };
		FAC4803B1A20105F0000DC6B /* XMLReader.m in Sources */ = {isa = PBXBuildFile; fileRef = FA1FE98018A1D9DD00757643 /* XMLReader.m */; };
		FAC480831A201B330000DC6B /* Extension.xcassets in Resources */ = {isa = PBXBuildFile; fileRef = FAC480741A201B330000DC6B /* Extension.xcassets */; };
		FAC480871A201B330000DC6B /* GBErrorView.m in Sources */ = {isa = PBXBuildFile; fileRef = FAC480781A201B330000DC6B /* GBErrorView.m */; };
		FAC480891A201B330000DC6B /* GBExtensionViewController.m in Sources */ = {isa = PBXBuildFile; fileRef = FAC4807A1A201B330000DC6B /* GBExtensionViewController.m */; };
		FAC4808B1A201B330000DC6B /* GBSectionHeaderView.m in Sources */ = {isa = PBXBuildFile; fileRef = FAC4807C1A201B330000DC6B /* GBSectionHeaderView.m */; };
		FAC4808D1A201B330000DC6B /* GBSectionView.m in Sources */ = {isa = PBXBuildFile; fileRef = FAC4807E1A201B330000DC6B /* GBSectionView.m */; };
		FAC4808F1A201B330000DC6B /* GBStopGroup.m in Sources */ = {isa = PBXBuildFile; fileRef = FAC480801A201B330000DC6B /* GBStopGroup.m */; };
		FAC480911A201B330000DC6B /* GBStopView.m in Sources */ = {isa = PBXBuildFile; fileRef = FAC480821A201B330000DC6B /* GBStopView.m */; };
		FAC6F9B11A290E6500792CDC /* GBSegmentedControlView.m in Sources */ = {isa = PBXBuildFile; fileRef = FAC6F9B01A290E6500792CDC /* GBSegmentedControlView.m */; };
		FAC6F9B41A29119000792CDC /* GBOptionView.m in Sources */ = {isa = PBXBuildFile; fileRef = FAC6F9B31A29119000792CDC /* GBOptionView.m */; };
		FACFA1A21A0DAE2A00F3E2C3 /* GBConfig.m in Sources */ = {isa = PBXBuildFile; fileRef = FACFA1A11A0DAE2A00F3E2C3 /* GBConfig.m */; };
		FAD597C11A12C66E0079B36C /* GBWindow.m in Sources */ = {isa = PBXBuildFile; fileRef = FAD597C01A12C66E0079B36C /* GBWindow.m */; };
		FAD6A3401A1CE4F500D98955 /* GBImage.m in Sources */ = {isa = PBXBuildFile; fileRef = FAD6A33F1A1CE4F500D98955 /* GBImage.m */; };
		FAD7D5821A1AECE0007CF5D4 /* Messages.xml in Resources */ = {isa = PBXBuildFile; fileRef = FAD7D5811A1AECE0007CF5D4 /* Messages.xml */; };
		FAD7D5841A1AED17007CF5D4 /* Predictions w: Message.txt in Resources */ = {isa = PBXBuildFile; fileRef = FAD7D5831A1AED17007CF5D4 /* Predictions w: Message.txt */; };
		FADE7D0B1967504600F318D5 /* GBConstants.m in Sources */ = {isa = PBXBuildFile; fileRef = FADE7D0A1967504600F318D5 /* GBConstants.m */; };
		FADE7D101967555800F318D5 /* GBBusRouteControlView.m in Sources */ = {isa = PBXBuildFile; fileRef = FADE7D0F1967555800F318D5 /* GBBusRouteControlView.m */; };
		FADE7D161967605B00F318D5 /* GBRequestHandler.m in Sources */ = {isa = PBXBuildFile; fileRef = FADE7D151967605B00F318D5 /* GBRequestHandler.m */; };
		FAE505801A186B7800427C16 /* Media.xcassets in Resources */ = {isa = PBXBuildFile; fileRef = FAE5057F1A186B7800427C16 /* Media.xcassets */; };
		FAEA8A1D1A2D67C600995A75 /* GBBusAnnotationView.m in Sources */ = {isa = PBXBuildFile; fileRef = FAEA8A1C1A2D67C600995A75 /* GBBusAnnotationView.m */; };
		FAE6B6F01A21540D00A49E68 /* Localizable.strings in Resources */ = {isa = PBXBuildFile; fileRef = FA5531471A20E75300BAFB90 /* Localizable.strings */; };
		FAE6B6F11A21540E00A49E68 /* Localizable.strings in Resources */ = {isa = PBXBuildFile; fileRef = FA5531471A20E75300BAFB90 /* Localizable.strings */; };
		FAF453B91A2141E7005A16A9 /* UIDevice+Hardware.m in Sources */ = {isa = PBXBuildFile; fileRef = FAF453B81A2141E7005A16A9 /* UIDevice+Hardware.m */; };
/* End PBXBuildFile section */

/* Begin PBXContainerItemProxy section */
		FA1FE94C18A1D8A300757643 /* PBXContainerItemProxy */ = {
			isa = PBXContainerItemProxy;
			containerPortal = FA1FE91E18A1D8A300757643 /* Project object */;
			proxyType = 1;
			remoteGlobalIDString = FA1FE92518A1D8A300757643;
			remoteInfo = "GT-Buses";
		};
		FAB9D2701A2270F700EC9736 /* PBXContainerItemProxy */ = {
			isa = PBXContainerItemProxy;
			containerPortal = FA1FE91E18A1D8A300757643 /* Project object */;
			proxyType = 1;
			remoteGlobalIDString = FAB9D2651A2270F700EC9736;
			remoteInfo = "GT-Buses Nearby";
		};
		FAC4801F1A2004D20000DC6B /* PBXContainerItemProxy */ = {
			isa = PBXContainerItemProxy;
			containerPortal = FA1FE91E18A1D8A300757643 /* Project object */;
			proxyType = 1;
			remoteGlobalIDString = FAC480141A2004D20000DC6B;
			remoteInfo = "GT-Buses Favorites";
		};
/* End PBXContainerItemProxy section */

/* Begin PBXCopyFilesBuildPhase section */
		FA75CFE41A13CF64000B9CD6 /* Embed App Extensions */ = {
			isa = PBXCopyFilesBuildPhase;
			buildActionMask = 2147483647;
			dstPath = "";
			dstSubfolderSpec = 13;
			files = (
				FAB9D2721A2270F700EC9736 /* GT-Buses Nearby.appex in Embed App Extensions */,
				FAC480211A2004D20000DC6B /* GT-Buses Favorites.appex in Embed App Extensions */,
			);
			name = "Embed App Extensions";
			runOnlyForDeploymentPostprocessing = 0;
		};
/* End PBXCopyFilesBuildPhase section */

/* Begin PBXFileReference section */
		FA15FC8A1A1D8DFF00C175AB /* GBMapViewController.h */ = {isa = PBXFileReference; fileEncoding = 4; lastKnownFileType = sourcecode.c.h; path = GBMapViewController.h; sourceTree = "<group>"; };
		FA15FC8B1A1D8DFF00C175AB /* GBMapViewController.m */ = {isa = PBXFileReference; fileEncoding = 4; lastKnownFileType = sourcecode.c.objc; path = GBMapViewController.m; sourceTree = "<group>"; };
        FA15FC8D1A1D95B700C175AB /* GBMapViewController+Private.h */ = {isa = PBXFileReference; fileEncoding = 4; lastKnownFileType = sourcecode.c.h; path = "GBMapViewController+Private.h"; sourceTree = "<group>"; };
		FA15FC901A1DA1A800C175AB /* GBBuildingsViewController.h */ = {isa = PBXFileReference; fileEncoding = 4; lastKnownFileType = sourcecode.c.h; path = GBBuildingsViewController.h; sourceTree = "<group>"; };
		FA15FC911A1DA1A800C175AB /* GBBuildingsViewController.m */ = {isa = PBXFileReference; fileEncoding = 4; lastKnownFileType = sourcecode.c.objc; path = GBBuildingsViewController.m; sourceTree = "<group>"; };
        FA15FC931A1DB14A00C175AB /* GBBuilding.h */ = {isa = PBXFileReference; fileEncoding = 4; lastKnownFileType = sourcecode.c.h; path = GBBuilding.h; sourceTree = "<group>"; };
        FA15FC941A1DB14A00C175AB /* GBBuilding.m */ = {isa = PBXFileReference; fileEncoding = 4; lastKnownFileType = sourcecode.c.objc; path = GBBuilding.m; sourceTree = "<group>"; };
		FA15FCD31A1856F6008FA394 /* GBSectionView.h */ = {isa = PBXFileReference; fileEncoding = 4; lastKnownFileType = sourcecode.c.h; path = GBSectionView.h; sourceTree = "<group>"; };
		FA15FCD41A1856F6008FA394 /* GBSectionView.m */ = {isa = PBXFileReference; fileEncoding = 4; lastKnownFileType = sourcecode.c.objc; path = GBSectionView.m; sourceTree = "<group>"; };
		FA1FE92618A1D8A300757643 /* GT-Buses.app */ = {isa = PBXFileReference; explicitFileType = wrapper.application; includeInIndex = 0; path = "GT-Buses.app"; sourceTree = BUILT_PRODUCTS_DIR; };
		FA1FE93118A1D8A300757643 /* Info.plist */ = {isa = PBXFileReference; lastKnownFileType = text.plist.xml; path = Info.plist; sourceTree = "<group>"; };
		FA1FE93518A1D8A300757643 /* main.m */ = {isa = PBXFileReference; lastKnownFileType = sourcecode.c.objc; path = main.m; sourceTree = "<group>"; };
		FA1FE93718A1D8A300757643 /* GT-Buses-Prefix.pch */ = {isa = PBXFileReference; lastKnownFileType = sourcecode.c.h; path = "GT-Buses-Prefix.pch"; sourceTree = "<group>"; };
		FA1FE93818A1D8A300757643 /* GBAppDelegate.h */ = {isa = PBXFileReference; lastKnownFileType = sourcecode.c.h; path = GBAppDelegate.h; sourceTree = "<group>"; };
		FA1FE93918A1D8A300757643 /* GBAppDelegate.m */ = {isa = PBXFileReference; lastKnownFileType = sourcecode.c.objc; path = GBAppDelegate.m; sourceTree = "<group>"; };
		FA1FE94118A1D8A300757643 /* Images.xcassets */ = {isa = PBXFileReference; lastKnownFileType = folder.assetcatalog; name = Images.xcassets; path = "GT-Buses/Images.xcassets"; sourceTree = "<group>"; };
		FA1FE94718A1D8A300757643 /* GT-BusesTests.xctest */ = {isa = PBXFileReference; explicitFileType = wrapper.cfbundle; includeInIndex = 0; path = "GT-BusesTests.xctest"; sourceTree = BUILT_PRODUCTS_DIR; };
		FA1FE95018A1D8A300757643 /* GT-BusesTests-Info.plist */ = {isa = PBXFileReference; lastKnownFileType = text.plist.xml; path = "GT-BusesTests-Info.plist"; sourceTree = "<group>"; };
		FA1FE95218A1D8A300757643 /* en */ = {isa = PBXFileReference; lastKnownFileType = text.plist.strings; name = en; path = en.lproj/InfoPlist.strings; sourceTree = "<group>"; };
		FA1FE95418A1D8A300757643 /* GT_BusesTests.m */ = {isa = PBXFileReference; lastKnownFileType = sourcecode.c.objc; path = GT_BusesTests.m; sourceTree = "<group>"; };
		FA1FE96918A1D9A400757643 /* GBMapHandler.h */ = {isa = PBXFileReference; fileEncoding = 4; lastKnownFileType = sourcecode.c.h; path = GBMapHandler.h; sourceTree = "<group>"; };
		FA1FE96A18A1D9A400757643 /* GBMapHandler.m */ = {isa = PBXFileReference; fileEncoding = 4; lastKnownFileType = sourcecode.c.objc; path = GBMapHandler.m; sourceTree = "<group>"; };
		FA1FE96B18A1D9A400757643 /* GBRoute.h */ = {isa = PBXFileReference; fileEncoding = 4; lastKnownFileType = sourcecode.c.h; path = GBRoute.h; sourceTree = "<group>"; };
		FA1FE96C18A1D9A400757643 /* GBRoute.m */ = {isa = PBXFileReference; fileEncoding = 4; lastKnownFileType = sourcecode.c.objc; path = GBRoute.m; sourceTree = "<group>"; };
		FA1FE96F18A1D9B000757643 /* GBBusAnnotation.h */ = {isa = PBXFileReference; fileEncoding = 4; lastKnownFileType = sourcecode.c.h; path = GBBusAnnotation.h; sourceTree = "<group>"; };
		FA1FE97018A1D9B000757643 /* GBBusAnnotation.m */ = {isa = PBXFileReference; fileEncoding = 4; lastKnownFileType = sourcecode.c.objc; path = GBBusAnnotation.m; sourceTree = "<group>"; };
		FA1FE97118A1D9B000757643 /* GBBusRouteLine.h */ = {isa = PBXFileReference; fileEncoding = 4; lastKnownFileType = sourcecode.c.h; path = GBBusRouteLine.h; sourceTree = "<group>"; };
		FA1FE97218A1D9B000757643 /* GBBusRouteLine.m */ = {isa = PBXFileReference; fileEncoding = 4; lastKnownFileType = sourcecode.c.objc; path = GBBusRouteLine.m; sourceTree = "<group>"; };
		FA1FE97318A1D9B000757643 /* GBStopAnnotation.h */ = {isa = PBXFileReference; fileEncoding = 4; lastKnownFileType = sourcecode.c.h; path = GBStopAnnotation.h; sourceTree = "<group>"; };
		FA1FE97418A1D9B000757643 /* GBStopAnnotation.m */ = {isa = PBXFileReference; fileEncoding = 4; lastKnownFileType = sourcecode.c.objc; path = GBStopAnnotation.m; sourceTree = "<group>"; };
		FA1FE97818A1D9C600757643 /* GBColors.h */ = {isa = PBXFileReference; fileEncoding = 4; lastKnownFileType = sourcecode.c.h; path = GBColors.h; sourceTree = "<group>"; };
		FA1FE97918A1D9C600757643 /* GBColors.m */ = {isa = PBXFileReference; fileEncoding = 4; lastKnownFileType = sourcecode.c.objc; path = GBColors.m; sourceTree = "<group>"; };
		FA1FE97F18A1D9DD00757643 /* XMLReader.h */ = {isa = PBXFileReference; fileEncoding = 4; lastKnownFileType = sourcecode.c.h; path = XMLReader.h; sourceTree = "<group>"; };
		FA1FE98018A1D9DD00757643 /* XMLReader.m */ = {isa = PBXFileReference; fileEncoding = 4; lastKnownFileType = sourcecode.c.objc; path = XMLReader.m; sourceTree = "<group>"; };
		FA1FE98218A1D9F800757643 /* RequestHandler.h */ = {isa = PBXFileReference; fileEncoding = 4; lastKnownFileType = sourcecode.c.h; path = RequestHandler.h; sourceTree = "<group>"; };
		FA1FE98318A1D9F800757643 /* RequestHandler.m */ = {isa = PBXFileReference; fileEncoding = 4; lastKnownFileType = sourcecode.c.objc; path = RequestHandler.m; sourceTree = "<group>"; };
		FA2B6FC21A1430BA00C60449 /* GBStop.h */ = {isa = PBXFileReference; fileEncoding = 4; lastKnownFileType = sourcecode.c.h; path = GBStop.h; sourceTree = "<group>"; };
		FA2B6FC31A1430BA00C60449 /* GBStop.m */ = {isa = PBXFileReference; fileEncoding = 4; lastKnownFileType = sourcecode.c.objc; path = GBStop.m; sourceTree = "<group>"; };
		FA3C921719AA8AD300CEC529 /* RouteConfig.xml */ = {isa = PBXFileReference; fileEncoding = 4; lastKnownFileType = text.xml; path = RouteConfig.xml; sourceTree = "<group>"; };
		FA5531461A20E75300BAFB90 /* en */ = {isa = PBXFileReference; lastKnownFileType = text.plist.strings; name = en; path = InfoPlist.strings; sourceTree = "<group>"; };
		FA5531481A20E75300BAFB90 /* en */ = {isa = PBXFileReference; lastKnownFileType = text.plist.strings; name = en; path = Localizable.strings; sourceTree = "<group>"; };
		FA5E50D61A2567370031E825 /* libBuses.a */ = {isa = PBXFileReference; explicitFileType = archive.ar; includeInIndex = 0; path = libBuses.a; sourceTree = BUILT_PRODUCTS_DIR; };
		FA5E50D81A2567370031E825 /* Buses.h */ = {isa = PBXFileReference; lastKnownFileType = sourcecode.c.h; path = Buses.h; sourceTree = "<group>"; };
		FA5E51081A256ADA0031E825 /* MapKit.framework */ = {isa = PBXFileReference; lastKnownFileType = wrapper.framework; name = MapKit.framework; path = System/Library/Frameworks/MapKit.framework; sourceTree = SDKROOT; };
		FA5E51251A2587F00031E825 /* Buses.m */ = {isa = PBXFileReference; fileEncoding = 4; lastKnownFileType = sourcecode.c.objc; path = Buses.m; sourceTree = "<group>"; };
		FA7005581A1F012D00694D10 /* GBMapView.h */ = {isa = PBXFileReference; fileEncoding = 4; lastKnownFileType = sourcecode.c.h; path = GBMapView.h; sourceTree = "<group>"; };
		FA7005591A1F012D00694D10 /* GBMapView.m */ = {isa = PBXFileReference; fileEncoding = 4; lastKnownFileType = sourcecode.c.objc; path = GBMapView.m; sourceTree = "<group>"; };
		FA70055E1A1F0AD300694D10 /* GBBus.h */ = {isa = PBXFileReference; fileEncoding = 4; lastKnownFileType = sourcecode.c.h; path = GBBus.h; sourceTree = "<group>"; };
		FA70055F1A1F0AD300694D10 /* GBBus.m */ = {isa = PBXFileReference; fileEncoding = 4; lastKnownFileType = sourcecode.c.objc; path = GBBus.m; sourceTree = "<group>"; };
		FA75CFD11A13CD27000B9CD6 /* GBFavoriteButton.h */ = {isa = PBXFileReference; fileEncoding = 4; lastKnownFileType = sourcecode.c.h; path = GBFavoriteButton.h; sourceTree = "<group>"; };
		FA75CFD21A13CD27000B9CD6 /* GBFavoriteButton.m */ = {isa = PBXFileReference; fileEncoding = 4; lastKnownFileType = sourcecode.c.objc; path = GBFavoriteButton.m; sourceTree = "<group>"; };
		FA75CFEA1A13D163000B9CD6 /* GT-Buses.entitlements */ = {isa = PBXFileReference; lastKnownFileType = text.xml; path = "GT-Buses.entitlements"; sourceTree = "<group>"; };
		FA8A287519C7485900B02EDA /* Predictions.xml */ = {isa = PBXFileReference; fileEncoding = 4; lastKnownFileType = text.xml; path = Predictions.xml; sourceTree = "<group>"; };
		FA8A287919C7487500B02EDA /* Locations.xml */ = {isa = PBXFileReference; fileEncoding = 4; lastKnownFileType = text.xml; path = Locations.xml; sourceTree = "<group>"; };
		FA8C118919D30758008F5927 /* GBRootViewController.h */ = {isa = PBXFileReference; fileEncoding = 4; lastKnownFileType = sourcecode.c.h; path = GBRootViewController.h; sourceTree = "<group>"; };
		FA8C118A19D30758008F5927 /* GBRootViewController.m */ = {isa = PBXFileReference; fileEncoding = 4; lastKnownFileType = sourcecode.c.objc; path = GBRootViewController.m; sourceTree = "<group>"; };
		FA8D788F19C7AACE000A657C /* GBSupportEmail.h */ = {isa = PBXFileReference; fileEncoding = 4; lastKnownFileType = sourcecode.c.h; path = GBSupportEmail.h; sourceTree = "<group>"; };
		FA8D789019C7AACE000A657C /* GBSupportEmail.m */ = {isa = PBXFileReference; fileEncoding = 4; lastKnownFileType = sourcecode.c.objc; path = GBSupportEmail.m; sourceTree = "<group>"; };
		FA8EC67C1A27AA4100E54A86 /* GBSwitchView.h */ = {isa = PBXFileReference; fileEncoding = 4; lastKnownFileType = sourcecode.c.h; path = GBSwitchView.h; sourceTree = "<group>"; };
		FA8EC67D1A27AA4100E54A86 /* GBSwitchView.m */ = {isa = PBXFileReference; fileEncoding = 4; lastKnownFileType = sourcecode.c.objc; path = GBSwitchView.m; sourceTree = "<group>"; };
		FA938B3A1A26B7B20018823A /* GBBuildingCell.h */ = {isa = PBXFileReference; fileEncoding = 4; lastKnownFileType = sourcecode.c.h; path = GBBuildingCell.h; sourceTree = "<group>"; };
		FA938B3B1A26B7B20018823A /* GBBuildingCell.m */ = {isa = PBXFileReference; fileEncoding = 4; lastKnownFileType = sourcecode.c.objc; path = GBBuildingCell.m; sourceTree = "<group>"; };
		FA938B3F1A26C8900018823A /* GBConstraintHelper.h */ = {isa = PBXFileReference; fileEncoding = 4; lastKnownFileType = sourcecode.c.h; path = GBConstraintHelper.h; sourceTree = "<group>"; };
		FA938B401A26C8900018823A /* GBConstraintHelper.m */ = {isa = PBXFileReference; fileEncoding = 4; lastKnownFileType = sourcecode.c.objc; path = GBConstraintHelper.m; sourceTree = "<group>"; };
		FA94503B19EC55620022DF7C /* README.md */ = {isa = PBXFileReference; lastKnownFileType = net.daringfireball.markdown; path = README.md; sourceTree = "<group>"; };
		FAA1234B18A5793C0049A5FA /* GBUserInterface.h */ = {isa = PBXFileReference; fileEncoding = 4; lastKnownFileType = sourcecode.c.h; path = GBUserInterface.h; sourceTree = "<group>"; };
		FAA1234C18A5793C0049A5FA /* GBUserInterface.m */ = {isa = PBXFileReference; fileEncoding = 4; lastKnownFileType = sourcecode.c.objc; path = GBUserInterface.m; sourceTree = "<group>"; };
		FAA201A519BE703900FA1E7D /* NotificationCenter.framework */ = {isa = PBXFileReference; lastKnownFileType = wrapper.framework; name = NotificationCenter.framework; path = System/Library/Frameworks/NotificationCenter.framework; sourceTree = SDKROOT; };
		FAA7B6B61A194F1200CB8FB2 /* GBDirection.h */ = {isa = PBXFileReference; fileEncoding = 4; lastKnownFileType = sourcecode.c.h; path = GBDirection.h; sourceTree = "<group>"; };
		FAA7B6B71A194F1200CB8FB2 /* GBDirection.m */ = {isa = PBXFileReference; fileEncoding = 4; lastKnownFileType = sourcecode.c.objc; path = GBDirection.m; sourceTree = "<group>"; };
		FAAF78F619A8F53000E4B2D6 /* MKMapView+AppStoreMap.h */ = {isa = PBXFileReference; fileEncoding = 4; lastKnownFileType = sourcecode.c.h; path = "MKMapView+AppStoreMap.h"; sourceTree = "<group>"; };
		FAAF78F719A8F53000E4B2D6 /* MKMapView+AppStoreMap.m */ = {isa = PBXFileReference; fileEncoding = 4; lastKnownFileType = sourcecode.c.objc; path = "MKMapView+AppStoreMap.m"; sourceTree = "<group>"; };
		FAB56ABB1A229E4200CBDD76 /* GBSettingsViewController.h */ = {isa = PBXFileReference; fileEncoding = 4; lastKnownFileType = sourcecode.c.h; path = GBSettingsViewController.h; sourceTree = "<group>"; };
		FAB56ABC1A229E4200CBDD76 /* GBSettingsViewController.m */ = {isa = PBXFileReference; fileEncoding = 4; lastKnownFileType = sourcecode.c.objc; path = GBSettingsViewController.m; sourceTree = "<group>"; };
		FAB682D0199D436600C0BF89 /* UIViewController+GBMailComposer.h */ = {isa = PBXFileReference; fileEncoding = 4; lastKnownFileType = sourcecode.c.h; path = "UIViewController+GBMailComposer.h"; sourceTree = "<group>"; };
		FAB682D1199D436600C0BF89 /* UIViewController+GBMailComposer.m */ = {isa = PBXFileReference; fileEncoding = 4; lastKnownFileType = sourcecode.c.objc; path = "UIViewController+GBMailComposer.m"; sourceTree = "<group>"; };
		FAB9D2661A2270F700EC9736 /* GT-Buses Nearby.appex */ = {isa = PBXFileReference; explicitFileType = "wrapper.app-extension"; includeInIndex = 0; path = "GT-Buses Nearby.appex"; sourceTree = BUILT_PRODUCTS_DIR; };
		FAB9D26A1A2270F700EC9736 /* Info.plist */ = {isa = PBXFileReference; lastKnownFileType = text.plist.xml; path = Info.plist; sourceTree = "<group>"; };
		FAB9D26B1A2270F700EC9736 /* TodayViewController.h */ = {isa = PBXFileReference; lastKnownFileType = sourcecode.c.h; path = TodayViewController.h; sourceTree = "<group>"; };
		FAB9D26C1A2270F700EC9736 /* TodayViewController.m */ = {isa = PBXFileReference; lastKnownFileType = sourcecode.c.objc; path = TodayViewController.m; sourceTree = "<group>"; };
		FAB9D26E1A2270F700EC9736 /* MainInterface.storyboard */ = {isa = PBXFileReference; lastKnownFileType = file.storyboard; path = MainInterface.storyboard; sourceTree = "<group>"; };
		FAB9D2761A2271DB00EC9736 /* GT-Buses Nearby.entitlements */ = {isa = PBXFileReference; lastKnownFileType = text.xml; path = "GT-Buses Nearby.entitlements"; sourceTree = "<group>"; };
		FAC396CD1A1EE16E00B79004 /* GBBuildingAnnotation.h */ = {isa = PBXFileReference; fileEncoding = 4; lastKnownFileType = sourcecode.c.h; path = GBBuildingAnnotation.h; sourceTree = "<group>"; };
		FAC396CE1A1EE16E00B79004 /* GBBuildingAnnotation.m */ = {isa = PBXFileReference; fileEncoding = 4; lastKnownFileType = sourcecode.c.objc; path = GBBuildingAnnotation.m; sourceTree = "<group>"; };
		FAC480151A2004D20000DC6B /* GT-Buses Favorites.appex */ = {isa = PBXFileReference; explicitFileType = "wrapper.app-extension"; includeInIndex = 0; path = "GT-Buses Favorites.appex"; sourceTree = BUILT_PRODUCTS_DIR; };
		FAC480191A2004D20000DC6B /* Info.plist */ = {isa = PBXFileReference; lastKnownFileType = text.plist.xml; path = Info.plist; sourceTree = "<group>"; };
		FAC4801A1A2004D20000DC6B /* TodayViewController.h */ = {isa = PBXFileReference; lastKnownFileType = sourcecode.c.h; path = TodayViewController.h; sourceTree = "<group>"; };
		FAC4801B1A2004D20000DC6B /* TodayViewController.m */ = {isa = PBXFileReference; lastKnownFileType = sourcecode.c.objc; path = TodayViewController.m; sourceTree = "<group>"; };
		FAC4801D1A2004D20000DC6B /* MainInterface.storyboard */ = {isa = PBXFileReference; lastKnownFileType = file.storyboard; path = MainInterface.storyboard; sourceTree = "<group>"; };
		FAC480261A2005460000DC6B /* GT-Buses Favorites.entitlements */ = {isa = PBXFileReference; lastKnownFileType = text.xml; path = "GT-Buses Favorites.entitlements"; sourceTree = "<group>"; };
		FAC480741A201B330000DC6B /* Extension.xcassets */ = {isa = PBXFileReference; lastKnownFileType = folder.assetcatalog; path = Extension.xcassets; sourceTree = "<group>"; };
		FAC480771A201B330000DC6B /* GBErrorView.h */ = {isa = PBXFileReference; fileEncoding = 4; lastKnownFileType = sourcecode.c.h; path = GBErrorView.h; sourceTree = "<group>"; };
		FAC480781A201B330000DC6B /* GBErrorView.m */ = {isa = PBXFileReference; fileEncoding = 4; lastKnownFileType = sourcecode.c.objc; path = GBErrorView.m; sourceTree = "<group>"; };
		FAC480791A201B330000DC6B /* GBExtensionViewController.h */ = {isa = PBXFileReference; fileEncoding = 4; lastKnownFileType = sourcecode.c.h; path = GBExtensionViewController.h; sourceTree = "<group>"; };
		FAC4807A1A201B330000DC6B /* GBExtensionViewController.m */ = {isa = PBXFileReference; fileEncoding = 4; lastKnownFileType = sourcecode.c.objc; path = GBExtensionViewController.m; sourceTree = "<group>"; };
		FAC4807B1A201B330000DC6B /* GBSectionHeaderView.h */ = {isa = PBXFileReference; fileEncoding = 4; lastKnownFileType = sourcecode.c.h; path = GBSectionHeaderView.h; sourceTree = "<group>"; };
		FAC4807C1A201B330000DC6B /* GBSectionHeaderView.m */ = {isa = PBXFileReference; fileEncoding = 4; lastKnownFileType = sourcecode.c.objc; path = GBSectionHeaderView.m; sourceTree = "<group>"; };
		FAC4807D1A201B330000DC6B /* GBSectionView.h */ = {isa = PBXFileReference; fileEncoding = 4; lastKnownFileType = sourcecode.c.h; path = GBSectionView.h; sourceTree = "<group>"; };
		FAC4807E1A201B330000DC6B /* GBSectionView.m */ = {isa = PBXFileReference; fileEncoding = 4; lastKnownFileType = sourcecode.c.objc; path = GBSectionView.m; sourceTree = "<group>"; };
		FAC4807F1A201B330000DC6B /* GBStopGroup.h */ = {isa = PBXFileReference; fileEncoding = 4; lastKnownFileType = sourcecode.c.h; path = GBStopGroup.h; sourceTree = "<group>"; };
		FAC480801A201B330000DC6B /* GBStopGroup.m */ = {isa = PBXFileReference; fileEncoding = 4; lastKnownFileType = sourcecode.c.objc; path = GBStopGroup.m; sourceTree = "<group>"; };
		FAC480811A201B330000DC6B /* GBStopView.h */ = {isa = PBXFileReference; fileEncoding = 4; lastKnownFileType = sourcecode.c.h; path = GBStopView.h; sourceTree = "<group>"; };
		FAC480821A201B330000DC6B /* GBStopView.m */ = {isa = PBXFileReference; fileEncoding = 4; lastKnownFileType = sourcecode.c.objc; path = GBStopView.m; sourceTree = "<group>"; };
		FAC6F9AF1A290E6500792CDC /* GBSegmentedControlView.h */ = {isa = PBXFileReference; fileEncoding = 4; lastKnownFileType = sourcecode.c.h; path = GBSegmentedControlView.h; sourceTree = "<group>"; };
		FAC6F9B01A290E6500792CDC /* GBSegmentedControlView.m */ = {isa = PBXFileReference; fileEncoding = 4; lastKnownFileType = sourcecode.c.objc; path = GBSegmentedControlView.m; sourceTree = "<group>"; };
		FAC6F9B21A29119000792CDC /* GBOptionView.h */ = {isa = PBXFileReference; fileEncoding = 4; lastKnownFileType = sourcecode.c.h; path = GBOptionView.h; sourceTree = "<group>"; };
		FAC6F9B31A29119000792CDC /* GBOptionView.m */ = {isa = PBXFileReference; fileEncoding = 4; lastKnownFileType = sourcecode.c.objc; path = GBOptionView.m; sourceTree = "<group>"; };
		FACFA1A01A0DAE2A00F3E2C3 /* GBConfig.h */ = {isa = PBXFileReference; fileEncoding = 4; lastKnownFileType = sourcecode.c.h; path = GBConfig.h; sourceTree = "<group>"; };
		FACFA1A11A0DAE2A00F3E2C3 /* GBConfig.m */ = {isa = PBXFileReference; fileEncoding = 4; lastKnownFileType = sourcecode.c.objc; path = GBConfig.m; sourceTree = "<group>"; };
		FAD597BF1A12C66E0079B36C /* GBWindow.h */ = {isa = PBXFileReference; fileEncoding = 4; lastKnownFileType = sourcecode.c.h; path = GBWindow.h; sourceTree = "<group>"; };
		FAD597C01A12C66E0079B36C /* GBWindow.m */ = {isa = PBXFileReference; fileEncoding = 4; lastKnownFileType = sourcecode.c.objc; path = GBWindow.m; sourceTree = "<group>"; };
		FAD6A33E1A1CE4F500D98955 /* GBImage.h */ = {isa = PBXFileReference; fileEncoding = 4; lastKnownFileType = sourcecode.c.h; path = GBImage.h; sourceTree = "<group>"; };
		FAD6A33F1A1CE4F500D98955 /* GBImage.m */ = {isa = PBXFileReference; fileEncoding = 4; lastKnownFileType = sourcecode.c.objc; path = GBImage.m; sourceTree = "<group>"; };
		FAD7D5811A1AECE0007CF5D4 /* Messages.xml */ = {isa = PBXFileReference; fileEncoding = 4; lastKnownFileType = text.xml; path = Messages.xml; sourceTree = "<group>"; };
		FAD7D5831A1AED17007CF5D4 /* Predictions w: Message.txt */ = {isa = PBXFileReference; fileEncoding = 4; lastKnownFileType = text; path = "Predictions w: Message.txt"; sourceTree = "<group>"; };
		FADE7D091967504600F318D5 /* GBConstants.h */ = {isa = PBXFileReference; fileEncoding = 4; lastKnownFileType = sourcecode.c.h; path = GBConstants.h; sourceTree = "<group>"; };
		FADE7D0A1967504600F318D5 /* GBConstants.m */ = {isa = PBXFileReference; fileEncoding = 4; lastKnownFileType = sourcecode.c.objc; path = GBConstants.m; sourceTree = "<group>"; };
		FADE7D0E1967555800F318D5 /* GBBusRouteControlView.h */ = {isa = PBXFileReference; fileEncoding = 4; lastKnownFileType = sourcecode.c.h; path = GBBusRouteControlView.h; sourceTree = "<group>"; };
		FADE7D0F1967555800F318D5 /* GBBusRouteControlView.m */ = {isa = PBXFileReference; fileEncoding = 4; lastKnownFileType = sourcecode.c.objc; path = GBBusRouteControlView.m; sourceTree = "<group>"; };
		FADE7D141967605B00F318D5 /* GBRequestHandler.h */ = {isa = PBXFileReference; fileEncoding = 4; lastKnownFileType = sourcecode.c.h; path = GBRequestHandler.h; sourceTree = "<group>"; };
		FADE7D151967605B00F318D5 /* GBRequestHandler.m */ = {isa = PBXFileReference; fileEncoding = 4; lastKnownFileType = sourcecode.c.objc; path = GBRequestHandler.m; sourceTree = "<group>"; };
		FAE5057F1A186B7800427C16 /* Media.xcassets */ = {isa = PBXFileReference; lastKnownFileType = folder.assetcatalog; path = Media.xcassets; sourceTree = "<group>"; };
		FAEA8A1B1A2D67C600995A75 /* GBBusAnnotationView.h */ = {isa = PBXFileReference; fileEncoding = 4; lastKnownFileType = sourcecode.c.h; path = GBBusAnnotationView.h; sourceTree = "<group>"; };
		FAEA8A1C1A2D67C600995A75 /* GBBusAnnotationView.m */ = {isa = PBXFileReference; fileEncoding = 4; lastKnownFileType = sourcecode.c.objc; path = GBBusAnnotationView.m; sourceTree = "<group>"; };
		FAF453B71A2141E7005A16A9 /* UIDevice+Hardware.h */ = {isa = PBXFileReference; fileEncoding = 4; lastKnownFileType = sourcecode.c.h; path = "UIDevice+Hardware.h"; sourceTree = "<group>"; };
		FAF453B81A2141E7005A16A9 /* UIDevice+Hardware.m */ = {isa = PBXFileReference; fileEncoding = 4; lastKnownFileType = sourcecode.c.objc; path = "UIDevice+Hardware.m"; sourceTree = "<group>"; };
/* End PBXFileReference section */

/* Begin PBXFrameworksBuildPhase section */
		FA1FE92318A1D8A300757643 /* Frameworks */ = {
			isa = PBXFrameworksBuildPhase;
			buildActionMask = 2147483647;
			files = (
			);
			runOnlyForDeploymentPostprocessing = 0;
		};
		FA1FE94418A1D8A300757643 /* Frameworks */ = {
			isa = PBXFrameworksBuildPhase;
			buildActionMask = 2147483647;
			files = (
			);
			runOnlyForDeploymentPostprocessing = 0;
		};
		FA5E50D31A2567370031E825 /* Frameworks */ = {
			isa = PBXFrameworksBuildPhase;
			buildActionMask = 2147483647;
			files = (
				FA5E51091A256ADA0031E825 /* MapKit.framework in Frameworks */,
			);
			runOnlyForDeploymentPostprocessing = 0;
		};
		FAB9D2631A2270F700EC9736 /* Frameworks */ = {
			isa = PBXFrameworksBuildPhase;
			buildActionMask = 2147483647;
			files = (
				FAB9D2671A2270F700EC9736 /* NotificationCenter.framework in Frameworks */,
			);
			runOnlyForDeploymentPostprocessing = 0;
		};
		FAC480121A2004D20000DC6B /* Frameworks */ = {
			isa = PBXFrameworksBuildPhase;
			buildActionMask = 2147483647;
			files = (
				FAC480161A2004D20000DC6B /* NotificationCenter.framework in Frameworks */,
			);
			runOnlyForDeploymentPostprocessing = 0;
		};
/* End PBXFrameworksBuildPhase section */

/* Begin PBXGroup section */
		FA0B9C091A11BAAB005197CC /* Models */ = {
			isa = PBXGroup;
			children = (
				FACFA1A01A0DAE2A00F3E2C3 /* GBConfig.h */,
				FACFA1A11A0DAE2A00F3E2C3 /* GBConfig.m */,
				FA1FE96B18A1D9A400757643 /* GBRoute.h */,
				FA1FE96C18A1D9A400757643 /* GBRoute.m */,
				FA2B6FC21A1430BA00C60449 /* GBStop.h */,
				FA2B6FC31A1430BA00C60449 /* GBStop.m */,
				FAA7B6B61A194F1200CB8FB2 /* GBDirection.h */,
				FAA7B6B71A194F1200CB8FB2 /* GBDirection.m */,
				FA70055E1A1F0AD300694D10 /* GBBus.h */,
				FA70055F1A1F0AD300694D10 /* GBBus.m */,
			);
			name = Models;
			sourceTree = "<group>";
		};
		FA1FE91D18A1D8A300757643 = {
			isa = PBXGroup;
			children = (
				FA94503B19EC55620022DF7C /* README.md */,
				FA1FE92F18A1D8A300757643 /* GT-Buses */,
				FA1FE94118A1D8A300757643 /* Images.xcassets */,
				FAC480731A201B330000DC6B /* Shared Extension */,
				FAC480171A2004D20000DC6B /* GT-Buses Favorites */,
				FAB9D2681A2270F700EC9736 /* GT-Buses Nearby */,
				FA1FE94E18A1D8A300757643 /* GT-BusesTests */,
				FA5E50D71A2567370031E825 /* Buses */,
				FAA201A419BE703900FA1E7D /* Frameworks */,
				FA1FE92718A1D8A300757643 /* Products */,
			);
			sourceTree = "<group>";
		};
		FA1FE92718A1D8A300757643 /* Products */ = {
			isa = PBXGroup;
			children = (
				FA1FE92618A1D8A300757643 /* GT-Buses.app */,
				FA1FE94718A1D8A300757643 /* GT-BusesTests.xctest */,
				FAC480151A2004D20000DC6B /* GT-Buses Favorites.appex */,
				FAB9D2661A2270F700EC9736 /* GT-Buses Nearby.appex */,
				FA5E50D61A2567370031E825 /* libBuses.a */,
			);
			name = Products;
			sourceTree = "<group>";
		};
		FA1FE92F18A1D8A300757643 /* GT-Buses */ = {
			isa = PBXGroup;
			children = (
				FA75CFEA1A13D163000B9CD6 /* GT-Buses.entitlements */,
				FADE7D091967504600F318D5 /* GBConstants.h */,
				FADE7D0A1967504600F318D5 /* GBConstants.m */,
				FA1FE93818A1D8A300757643 /* GBAppDelegate.h */,
				FA1FE93918A1D8A300757643 /* GBAppDelegate.m */,
				FA8C118919D30758008F5927 /* GBRootViewController.h */,
				FA8C118A19D30758008F5927 /* GBRootViewController.m */,
				FAB56ABB1A229E4200CBDD76 /* GBSettingsViewController.h */,
				FAB56ABC1A229E4200CBDD76 /* GBSettingsViewController.m */,
				FA15FC8A1A1D8DFF00C175AB /* GBMapViewController.h */,
				FA15FC8B1A1D8DFF00C175AB /* GBMapViewController.m */,
				FA15FC901A1DA1A800C175AB /* GBBuildingsViewController.h */,
				FA15FC911A1DA1A800C175AB /* GBBuildingsViewController.m */,
				FADE7D141967605B00F318D5 /* GBRequestHandler.h */,
				FADE7D151967605B00F318D5 /* GBRequestHandler.m */,
				FAF453B71A2141E7005A16A9 /* UIDevice+Hardware.h */,
				FAF453B81A2141E7005A16A9 /* UIDevice+Hardware.m */,
				FA8EC67C1A27AA4100E54A86 /* GBSwitchView.h */,
				FA8EC67D1A27AA4100E54A86 /* GBSwitchView.m */,
				FAC6F9AF1A290E6500792CDC /* GBSegmentedControlView.h */,
				FAC6F9B01A290E6500792CDC /* GBSegmentedControlView.m */,
				FAC6F9B21A29119000792CDC /* GBOptionView.h */,
				FAC6F9B31A29119000792CDC /* GBOptionView.m */,
				FA0B9C091A11BAAB005197CC /* Models */,
				FAA1235518A57E150049A5FA /* Mail */,
				FAA1235418A57E090049A5FA /* UI */,
				FA1FE96818A1D97100757643 /* Map */,
				FA1FE93018A1D8A300757643 /* Supporting Files */,
			);
			path = "GT-Buses";
			sourceTree = "<group>";
		};
		FA1FE93018A1D8A300757643 /* Supporting Files */ = {
			isa = PBXGroup;
			children = (
				FAA4EB9119A7BEB200AF68E3 /* RequestHandler */,
				FA1FE97E18A1D9DD00757643 /* XMLReader */,
				FA5531441A20E75300BAFB90 /* en.lproj */,
				FA1FE93118A1D8A300757643 /* Info.plist */,
				FA1FE93518A1D8A300757643 /* main.m */,
				FA1FE93718A1D8A300757643 /* GT-Buses-Prefix.pch */,
			);
			name = "Supporting Files";
			sourceTree = "<group>";
		};
		FA1FE94E18A1D8A300757643 /* GT-BusesTests */ = {
			isa = PBXGroup;
			children = (
				FA1FE95418A1D8A300757643 /* GT_BusesTests.m */,
				FA1FE94F18A1D8A300757643 /* Supporting Files */,
			);
			path = "GT-BusesTests";
			sourceTree = "<group>";
		};
		FA1FE94F18A1D8A300757643 /* Supporting Files */ = {
			isa = PBXGroup;
			children = (
				FA1FE95018A1D8A300757643 /* GT-BusesTests-Info.plist */,
				FAD7D5811A1AECE0007CF5D4 /* Messages.xml */,
				FA1FE95118A1D8A300757643 /* InfoPlist.strings */,
				FA3C921719AA8AD300CEC529 /* RouteConfig.xml */,
				FA8A287919C7487500B02EDA /* Locations.xml */,
				FA8A287519C7485900B02EDA /* Predictions.xml */,
				FAD7D5831A1AED17007CF5D4 /* Predictions w: Message.txt */,
			);
			name = "Supporting Files";
			sourceTree = "<group>";
		};
		FA1FE96818A1D97100757643 /* Map */ = {
			isa = PBXGroup;
			children = (
				FA7005581A1F012D00694D10 /* GBMapView.h */,
                FA7005591A1F012D00694D10 /* GBMapView.m */,
				FA1FE96918A1D9A400757643 /* GBMapHandler.h */,
				FA1FE96A18A1D9A400757643 /* GBMapHandler.m */,
				FA1FE96F18A1D9B000757643 /* GBBusAnnotation.h */,
				FA1FE97018A1D9B000757643 /* GBBusAnnotation.m */,
				FA1FE97318A1D9B000757643 /* GBStopAnnotation.h */,
				FA1FE97418A1D9B000757643 /* GBStopAnnotation.m */,
				FA1FE97118A1D9B000757643 /* GBBusRouteLine.h */,
				FA1FE97218A1D9B000757643 /* GBBusRouteLine.m */,
				FAC396CD1A1EE16E00B79004 /* GBBuildingAnnotation.h */,
				FAC396CE1A1EE16E00B79004 /* GBBuildingAnnotation.m */,
				FAEA8A1B1A2D67C600995A75 /* GBBusAnnotationView.h */,
				FAEA8A1C1A2D67C600995A75 /* GBBusAnnotationView.m */,
				FAAF78F619A8F53000E4B2D6 /* MKMapView+AppStoreMap.h */,
				FAAF78F719A8F53000E4B2D6 /* MKMapView+AppStoreMap.m */,
			);
			name = Map;
			sourceTree = "<group>";
		};
		FA1FE97E18A1D9DD00757643 /* XMLReader */ = {
			isa = PBXGroup;
			children = (
				FA1FE97F18A1D9DD00757643 /* XMLReader.h */,
				FA1FE98018A1D9DD00757643 /* XMLReader.m */,
			);
			path = XMLReader;
			sourceTree = "<group>";
		};
		FA5531441A20E75300BAFB90 /* en.lproj */ = {
			isa = PBXGroup;
			children = (
				FA5531451A20E75300BAFB90 /* InfoPlist.strings */,
				FA5531471A20E75300BAFB90 /* Localizable.strings */,
			);
			path = en.lproj;
			sourceTree = "<group>";
		};
		FA5E50D71A2567370031E825 /* Buses */ = {
			isa = PBXGroup;
			children = (
				FA5E50D81A2567370031E825 /* Buses.h */,
				FA5E51251A2587F00031E825 /* Buses.m */,
			);
			path = Buses;
			sourceTree = "<group>";
		};
		FAA1235418A57E090049A5FA /* UI */ = {
			isa = PBXGroup;
			children = (
				FA1FE97818A1D9C600757643 /* GBColors.h */,
				FA1FE97918A1D9C600757643 /* GBColors.m */,
				FAA1234B18A5793C0049A5FA /* GBUserInterface.h */,
				FAA1234C18A5793C0049A5FA /* GBUserInterface.m */,
				FA938B3F1A26C8900018823A /* GBConstraintHelper.h */,
				FA938B401A26C8900018823A /* GBConstraintHelper.m */,
				FADE7D0E1967555800F318D5 /* GBBusRouteControlView.h */,
				FADE7D0F1967555800F318D5 /* GBBusRouteControlView.m */,
				FAD597BF1A12C66E0079B36C /* GBWindow.h */,
				FAD597C01A12C66E0079B36C /* GBWindow.m */,
				FA75CFD11A13CD27000B9CD6 /* GBFavoriteButton.h */,
				FA75CFD21A13CD27000B9CD6 /* GBFavoriteButton.m */,
				FAD6A33E1A1CE4F500D98955 /* GBImage.h */,
				FAD6A33F1A1CE4F500D98955 /* GBImage.m */,
				FA938B3A1A26B7B20018823A /* GBBuildingCell.h */,
				FA938B3B1A26B7B20018823A /* GBBuildingCell.m */,
			);
			name = UI;
			sourceTree = "<group>";
		};
		FAA1235518A57E150049A5FA /* Mail */ = {
			isa = PBXGroup;
			children = (
				FA8D788F19C7AACE000A657C /* GBSupportEmail.h */,
				FA8D789019C7AACE000A657C /* GBSupportEmail.m */,
				FAB682D0199D436600C0BF89 /* UIViewController+GBMailComposer.h */,
				FAB682D1199D436600C0BF89 /* UIViewController+GBMailComposer.m */,
			);
			name = Mail;
			sourceTree = "<group>";
		};
		FAA201A419BE703900FA1E7D /* Frameworks */ = {
			isa = PBXGroup;
			children = (
				FA5E51081A256ADA0031E825 /* MapKit.framework */,
				FAA201A519BE703900FA1E7D /* NotificationCenter.framework */,
			);
			name = Frameworks;
			sourceTree = "<group>";
		};
		FAA4EB9119A7BEB200AF68E3 /* RequestHandler */ = {
			isa = PBXGroup;
			children = (
				FA1FE98218A1D9F800757643 /* RequestHandler.h */,
				FA1FE98318A1D9F800757643 /* RequestHandler.m */,
			);
			name = RequestHandler;
			sourceTree = "<group>";
		};
		FAB9D2681A2270F700EC9736 /* GT-Buses Nearby */ = {
			isa = PBXGroup;
			children = (
				FAB9D2761A2271DB00EC9736 /* GT-Buses Nearby.entitlements */,
				FAB9D26B1A2270F700EC9736 /* TodayViewController.h */,
				FAB9D26C1A2270F700EC9736 /* TodayViewController.m */,
				FAB9D26E1A2270F700EC9736 /* MainInterface.storyboard */,
				FAB9D2691A2270F700EC9736 /* Supporting Files */,
			);
			path = "GT-Buses Nearby";
			sourceTree = "<group>";
		};
		FAB9D2691A2270F700EC9736 /* Supporting Files */ = {
			isa = PBXGroup;
			children = (
				FAB9D26A1A2270F700EC9736 /* Info.plist */,
			);
			name = "Supporting Files";
			sourceTree = "<group>";
		};
		FAC480171A2004D20000DC6B /* GT-Buses Favorites */ = {
			isa = PBXGroup;
			children = (
				FAC480261A2005460000DC6B /* GT-Buses Favorites.entitlements */,
				FAC4801A1A2004D20000DC6B /* TodayViewController.h */,
				FAC4801B1A2004D20000DC6B /* TodayViewController.m */,
				FAC4801D1A2004D20000DC6B /* MainInterface.storyboard */,
				FAC480181A2004D20000DC6B /* Supporting Files */,
			);
			path = "GT-Buses Favorites";
			sourceTree = "<group>";
		};
		FAC480181A2004D20000DC6B /* Supporting Files */ = {
			isa = PBXGroup;
			children = (
				FAC480191A2004D20000DC6B /* Info.plist */,
			);
			name = "Supporting Files";
			sourceTree = "<group>";
		};
		FAC480731A201B330000DC6B /* Shared Extension */ = {
			isa = PBXGroup;
			children = (
				FAC480741A201B330000DC6B /* Extension.xcassets */,
				FAC480791A201B330000DC6B /* GBExtensionViewController.h */,
				FAC4807A1A201B330000DC6B /* GBExtensionViewController.m */,
				FAC480771A201B330000DC6B /* GBErrorView.h */,
				FAC480781A201B330000DC6B /* GBErrorView.m */,
				FAC4807B1A201B330000DC6B /* GBSectionHeaderView.h */,
				FAC4807C1A201B330000DC6B /* GBSectionHeaderView.m */,
				FAC4807D1A201B330000DC6B /* GBSectionView.h */,
				FAC4807E1A201B330000DC6B /* GBSectionView.m */,
				FAC4807F1A201B330000DC6B /* GBStopGroup.h */,
				FAC480801A201B330000DC6B /* GBStopGroup.m */,
				FAC480811A201B330000DC6B /* GBStopView.h */,
				FAC480821A201B330000DC6B /* GBStopView.m */,
			);
			name = "Shared Extension";
			path = "GT-Buses/Shared Extension";
			sourceTree = "<group>";
		};
/* End PBXGroup section */

/* Begin PBXHeadersBuildPhase section */
		FA5E51281A258A490031E825 /* Headers */ = {
			isa = PBXHeadersBuildPhase;
			buildActionMask = 2147483647;
			files = (
				FA938B411A26C8900018823A /* GBConstraintHelper.h in Headers */,
				FA5E51291A258A5F0031E825 /* Buses.h in Headers */,
				FA5E512A1A258ADB0031E825 /* GBAppDelegate.h in Headers */,
			);
			runOnlyForDeploymentPostprocessing = 0;
		};
/* End PBXHeadersBuildPhase section */

/* Begin PBXNativeTarget section */
		FA1FE92518A1D8A300757643 /* GT-Buses */ = {
			isa = PBXNativeTarget;
			buildConfigurationList = FA1FE95818A1D8A300757643 /* Build configuration list for PBXNativeTarget "GT-Buses" */;
			buildPhases = (
				FA1FE92218A1D8A300757643 /* Sources */,
				FA1FE92318A1D8A300757643 /* Frameworks */,
				FA1FE92418A1D8A300757643 /* Resources */,
				FA75CFE41A13CF64000B9CD6 /* Embed App Extensions */,
				FABE52BC1A203BB200277E4E /* ShellScript */,
			);
			buildRules = (
			);
			dependencies = (
				FAC480201A2004D20000DC6B /* PBXTargetDependency */,
				FAB9D2711A2270F700EC9736 /* PBXTargetDependency */,
			);
			name = "GT-Buses";
			productName = "GT-Buses";
			productReference = FA1FE92618A1D8A300757643 /* GT-Buses.app */;
			productType = "com.apple.product-type.application";
		};
		FA1FE94618A1D8A300757643 /* GT-BusesTests */ = {
			isa = PBXNativeTarget;
			buildConfigurationList = FA1FE95B18A1D8A300757643 /* Build configuration list for PBXNativeTarget "GT-BusesTests" */;
			buildPhases = (
				FA1FE94318A1D8A300757643 /* Sources */,
				FA1FE94418A1D8A300757643 /* Frameworks */,
				FA1FE94518A1D8A300757643 /* Resources */,
			);
			buildRules = (
			);
			dependencies = (
				FA1FE94D18A1D8A300757643 /* PBXTargetDependency */,
			);
			name = "GT-BusesTests";
			productName = "GT-BusesTests";
			productReference = FA1FE94718A1D8A300757643 /* GT-BusesTests.xctest */;
			productType = "com.apple.product-type.bundle.unit-test";
		};
		FA5E50D51A2567370031E825 /* Buses */ = {
			isa = PBXNativeTarget;
			buildConfigurationList = FA5E50E71A2567370031E825 /* Build configuration list for PBXNativeTarget "Buses" */;
			buildPhases = (
				FA5E50D21A2567370031E825 /* Sources */,
				FA5E50D31A2567370031E825 /* Frameworks */,
				FA5E51281A258A490031E825 /* Headers */,
			);
			buildRules = (
			);
			dependencies = (
			);
			name = Buses;
			productName = Buses;
			productReference = FA5E50D61A2567370031E825 /* libBuses.a */;
			productType = "com.apple.product-type.library.static";
		};
		FAB9D2651A2270F700EC9736 /* GT-Buses Nearby */ = {
			isa = PBXNativeTarget;
			buildConfigurationList = FAB9D2731A2270F700EC9736 /* Build configuration list for PBXNativeTarget "GT-Buses Nearby" */;
			buildPhases = (
				FAB9D2621A2270F700EC9736 /* Sources */,
				FAB9D2631A2270F700EC9736 /* Frameworks */,
				FAB9D2641A2270F700EC9736 /* Resources */,
				FA4519141A22732500EC849C /* ShellScript */,
			);
			buildRules = (
			);
			dependencies = (
			);
			name = "GT-Buses Nearby";
			productName = "GT-Buses Nearby";
			productReference = FAB9D2661A2270F700EC9736 /* GT-Buses Nearby.appex */;
			productType = "com.apple.product-type.app-extension";
		};
		FAC480141A2004D20000DC6B /* GT-Buses Favorites */ = {
			isa = PBXNativeTarget;
			buildConfigurationList = FAC480241A2004D30000DC6B /* Build configuration list for PBXNativeTarget "GT-Buses Favorites" */;
			buildPhases = (
				FAC480111A2004D20000DC6B /* Sources */,
				FAC480121A2004D20000DC6B /* Frameworks */,
				FAC480131A2004D20000DC6B /* Resources */,
				FABE52BE1A203CCF00277E4E /* ShellScript */,
			);
			buildRules = (
			);
			dependencies = (
			);
			name = "GT-Buses Favorites";
			productName = "GT-Buses Favorites";
			productReference = FAC480151A2004D20000DC6B /* GT-Buses Favorites.appex */;
			productType = "com.apple.product-type.app-extension";
		};
/* End PBXNativeTarget section */

/* Begin PBXProject section */
		FA1FE91E18A1D8A300757643 /* Project object */ = {
			isa = PBXProject;
			attributes = {
				CLASSPREFIX = GB;
				LastUpgradeCheck = 0600;
				ORGANIZATIONNAME = "Alex Perez";
				TargetAttributes = {
					FA1FE92518A1D8A300757643 = {
						DevelopmentTeam = 3M2F493L45;
						SystemCapabilities = {
							com.apple.ApplicationGroups.iOS = {
								enabled = 1;
							};
						};
					};
					FA1FE94618A1D8A300757643 = {
						TestTargetID = FA1FE92518A1D8A300757643;
					};
					FA5E50D51A2567370031E825 = {
						CreatedOnToolsVersion = 6.1;
					};
					FAB9D2651A2270F700EC9736 = {
						CreatedOnToolsVersion = 6.1;
						DevelopmentTeam = 3M2F493L45;
						SystemCapabilities = {
							com.apple.ApplicationGroups.iOS = {
								enabled = 1;
							};
						};
					};
					FAC480141A2004D20000DC6B = {
						CreatedOnToolsVersion = 6.1;
						DevelopmentTeam = 3M2F493L45;
						SystemCapabilities = {
							com.apple.ApplicationGroups.iOS = {
								enabled = 1;
							};
						};
					};
				};
			};
			buildConfigurationList = FA1FE92118A1D8A300757643 /* Build configuration list for PBXProject "GT-Buses" */;
			compatibilityVersion = "Xcode 3.2";
			developmentRegion = English;
			hasScannedForEncodings = 0;
			knownRegions = (
				en,
				Base,
			);
			mainGroup = FA1FE91D18A1D8A300757643;
			productRefGroup = FA1FE92718A1D8A300757643 /* Products */;
			projectDirPath = "";
			projectRoot = "";
			targets = (
				FA1FE92518A1D8A300757643 /* GT-Buses */,
				FA1FE94618A1D8A300757643 /* GT-BusesTests */,
				FAC480141A2004D20000DC6B /* GT-Buses Favorites */,
				FAB9D2651A2270F700EC9736 /* GT-Buses Nearby */,
				FA5E50D51A2567370031E825 /* Buses */,
			);
		};
/* End PBXProject section */

/* Begin PBXResourcesBuildPhase section */
		FA1FE92418A1D8A300757643 /* Resources */ = {
			isa = PBXResourcesBuildPhase;
			buildActionMask = 2147483647;
			files = (
				FA1FE94218A1D8A300757643 /* Images.xcassets in Resources */,
				FA55314A1A20E75300BAFB90 /* Localizable.strings in Resources */,
				FA5531491A20E75300BAFB90 /* InfoPlist.strings in Resources */,
			);
			runOnlyForDeploymentPostprocessing = 0;
		};
		FA1FE94518A1D8A300757643 /* Resources */ = {
			isa = PBXResourcesBuildPhase;
			buildActionMask = 2147483647;
			files = (
				FAD7D5841A1AED17007CF5D4 /* Predictions w: Message.txt in Resources */,
				FA8A287B19C7487500B02EDA /* Locations.xml in Resources */,
				FA1FE95318A1D8A300757643 /* InfoPlist.strings in Resources */,
				FAD7D5821A1AECE0007CF5D4 /* Messages.xml in Resources */,
				FA8A287719C7485900B02EDA /* Predictions.xml in Resources */,
				FA8F828919AC0131008FE578 /* RouteConfig.xml in Resources */,
			);
			runOnlyForDeploymentPostprocessing = 0;
		};
		FAB9D2641A2270F700EC9736 /* Resources */ = {
			isa = PBXResourcesBuildPhase;
			buildActionMask = 2147483647;
			files = (
				FA6980AC1A22BEC100C45568 /* Extension.xcassets in Resources */,
				FAB9D26F1A2270F700EC9736 /* MainInterface.storyboard in Resources */,
				FA4519181A22740F00EC849C /* Localizable.strings in Resources */,
			);
			runOnlyForDeploymentPostprocessing = 0;
		};
		FAC480131A2004D20000DC6B /* Resources */ = {
			isa = PBXResourcesBuildPhase;
			buildActionMask = 2147483647;
			files = (
				FAC4801E1A2004D20000DC6B /* MainInterface.storyboard in Resources */,
				FAE6B6F11A21540E00A49E68 /* Localizable.strings in Resources */,
				FAC480831A201B330000DC6B /* Extension.xcassets in Resources */,
			);
			runOnlyForDeploymentPostprocessing = 0;
		};
/* End PBXResourcesBuildPhase section */

/* Begin PBXShellScriptBuildPhase section */
		FA4519141A22732500EC849C /* ShellScript */ = {
			isa = PBXShellScriptBuildPhase;
			buildActionMask = 2147483647;
			files = (
			);
			inputPaths = (
			);
			outputPaths = (
			);
			runOnlyForDeploymentPostprocessing = 0;
			shellPath = /bin/sh;
			shellScript = "buildNumber=$(/usr/libexec/PlistBuddy -c \"Print CFBundleVersion\" \"${PROJECT_DIR}/${INFOPLIST_FILE}\")\nbuildNumber=$(($buildNumber + 1))\n/usr/libexec/PlistBuddy -c \"Set :CFBundleVersion $buildNumber\" \"${PROJECT_DIR}/${INFOPLIST_FILE}\"";
		};
		FABE52BC1A203BB200277E4E /* ShellScript */ = {
			isa = PBXShellScriptBuildPhase;
			buildActionMask = 2147483647;
			files = (
			);
			inputPaths = (
			);
			outputPaths = (
			);
			runOnlyForDeploymentPostprocessing = 0;
			shellPath = /bin/sh;
			shellScript = "buildNumber=$(/usr/libexec/PlistBuddy -c \"Print CFBundleVersion\" \"${PROJECT_DIR}/${INFOPLIST_FILE}\")\nbuildNumber=$(($buildNumber + 1))\n/usr/libexec/PlistBuddy -c \"Set :CFBundleVersion $buildNumber\" \"${PROJECT_DIR}/${INFOPLIST_FILE}\"";
		};
		FABE52BE1A203CCF00277E4E /* ShellScript */ = {
			isa = PBXShellScriptBuildPhase;
			buildActionMask = 2147483647;
			files = (
			);
			inputPaths = (
			);
			outputPaths = (
			);
			runOnlyForDeploymentPostprocessing = 0;
			shellPath = /bin/sh;
			shellScript = "buildNumber=$(/usr/libexec/PlistBuddy -c \"Print CFBundleVersion\" \"${PROJECT_DIR}/${INFOPLIST_FILE}\")\nbuildNumber=$(($buildNumber + 1))\n/usr/libexec/PlistBuddy -c \"Set :CFBundleVersion $buildNumber\" \"${PROJECT_DIR}/${INFOPLIST_FILE}\"";
		};
/* End PBXShellScriptBuildPhase section */

/* Begin PBXSourcesBuildPhase section */
		FA1FE92218A1D8A300757643 /* Sources */ = {
			isa = PBXSourcesBuildPhase;
			buildActionMask = 2147483647;
			files = (
				FAC6F9B41A29119000792CDC /* GBOptionView.m in Sources */,
				FAAF78F819A8F53000E4B2D6 /* MKMapView+AppStoreMap.m in Sources */,
				FA8EC67E1A27AA4100E54A86 /* GBSwitchView.m in Sources */,
				FA1FE97518A1D9B000757643 /* GBBusAnnotation.m in Sources */,
				FA1FE97618A1D9B000757643 /* GBBusRouteLine.m in Sources */,
				FADE7D101967555800F318D5 /* GBBusRouteControlView.m in Sources */,
				FA1FE93A18A1D8A300757643 /* GBAppDelegate.m in Sources */,
				FA70055A1A1F012D00694D10 /* GBMapView.m in Sources */,
				FA1FE96D18A1D9A400757643 /* GBMapHandler.m in Sources */,
				FA1FE97C18A1D9C600757643 /* GBColors.m in Sources */,
				FAA1234D18A5793C0049A5FA /* GBUserInterface.m in Sources */,
				FAD597C11A12C66E0079B36C /* GBWindow.m in Sources */,
				FA15FC921A1DA1A800C175AB /* GBBuildingsViewController.m in Sources */,
				FA7005601A1F0AD300694D10 /* GBBus.m in Sources */,
				FAC6F9B11A290E6500792CDC /* GBSegmentedControlView.m in Sources */,
				FA8C118B19D30758008F5927 /* GBRootViewController.m in Sources */,
				FAD6A3401A1CE4F500D98955 /* GBImage.m in Sources */,
				FAEA8A1D1A2D67C600995A75 /* GBBusAnnotationView.m in Sources */,
				FA1FE98418A1D9F800757643 /* RequestHandler.m in Sources */,
				FA1FE98118A1D9DD00757643 /* XMLReader.m in Sources */,
				FADE7D0B1967504600F318D5 /* GBConstants.m in Sources */,
				FA1FE96E18A1D9A400757643 /* GBRoute.m in Sources */,
				FA938B3C1A26B7B20018823A /* GBBuildingCell.m in Sources */,
				FAB56ABD1A229E4200CBDD76 /* GBSettingsViewController.m in Sources */,
				FAC396CF1A1EE16E00B79004 /* GBBuildingAnnotation.m in Sources */,
				FAA7B6B81A194F1200CB8FB2 /* GBDirection.m in Sources */,
				FA938B421A26C8900018823A /* GBConstraintHelper.m in Sources */,
				FA1FE97718A1D9B000757643 /* GBStopAnnotation.m in Sources */,
				FA75CFD31A13CD27000B9CD6 /* GBFavoriteButton.m in Sources */,
				FADE7D161967605B00F318D5 /* GBRequestHandler.m in Sources */,
				FA1FE93618A1D8A300757643 /* main.m in Sources */,
				FA8D789119C7AACE000A657C /* GBSupportEmail.m in Sources */,
				FACFA1A21A0DAE2A00F3E2C3 /* GBConfig.m in Sources */,
				FA2B6FC41A1430BA00C60449 /* GBStop.m in Sources */,
				FAF453B91A2141E7005A16A9 /* UIDevice+Hardware.m in Sources */,
				FA15FC8C1A1D8DFF00C175AB /* GBMapViewController.m in Sources */,
				FAB682D2199D436600C0BF89 /* UIViewController+GBMailComposer.m in Sources */,
			);
			runOnlyForDeploymentPostprocessing = 0;
		};
		FA1FE94318A1D8A300757643 /* Sources */ = {
			isa = PBXSourcesBuildPhase;
			buildActionMask = 2147483647;
			files = (
				FA1FE95518A1D8A300757643 /* GT_BusesTests.m in Sources */,
			);
			runOnlyForDeploymentPostprocessing = 0;
		};
		FA5E50D21A2567370031E825 /* Sources */ = {
			isa = PBXSourcesBuildPhase;
			buildActionMask = 2147483647;
			files = (
				FA5E51261A2587F00031E825 /* Buses.m in Sources */,
				FA5E50F41A2569190031E825 /* GBBuildingsViewController.m in Sources */,
				FA5E51071A256A8C0031E825 /* GBStopAnnotation.m in Sources */,
				FA5E510E1A256B070031E825 /* GBBusRouteControlView.m in Sources */,
				FA5E51181A256B160031E825 /* GBDirection.m in Sources */,
				FA5E51161A256B160031E825 /* GBRoute.m in Sources */,
				FA5E511D1A256CA60031E825 /* GBAppDelegate.m in Sources */,
				FA938B451A26C8900018823A /* GBConstraintHelper.m in Sources */,
				FA5E50F31A2569030031E825 /* GBMapView.m in Sources */,
				FA5E51031A256A840031E825 /* GBBusAnnotationView.m in Sources */,
				FA5E51011A256A590031E825 /* GBBuildingAnnotation.m in Sources */,
				FA5E51191A256B160031E825 /* GBBus.m in Sources */,
				FA5E50F21A2568ED0031E825 /* GBBuilding.m in Sources */,
				FA5E51051A256A8C0031E825 /* GBMapHandler.m in Sources */,
				FA5E51001A256A490031E825 /* GBMapViewController.m in Sources */,
				FA5E50FC1A2569990031E825 /* RequestHandler.m in Sources */,
				FA5E51111A256B070031E825 /* GBImage.m in Sources */,
				FA5E51101A256B070031E825 /* GBFavoriteButton.m in Sources */,
				FA5E510D1A256B070031E825 /* GBUserInterface.m in Sources */,
				FA5E51241A25716D0031E825 /* UIDevice+Hardware.m in Sources */,
				FA5E51021A256A810031E825 /* MKMapView+AppStoreMap.m in Sources */,
				FA5E50F51A2569260031E825 /* GBConstants.m in Sources */,
				FA5E510C1A256B070031E825 /* GBColors.m in Sources */,
				FA5E51041A256A870031E825 /* GBBusRouteLine.m in Sources */,
				FA5E50F71A25692D0031E825 /* GBSettingsViewController.m in Sources */,
				FA5E51121A256B0C0031E825 /* GBSupportEmail.m in Sources */,
				FA5E51171A256B160031E825 /* GBStop.m in Sources */,
				FA5E510F1A256B070031E825 /* GBWindow.m in Sources */,
				FA5E50FA1A2569900031E825 /* GBRequestHandler.m in Sources */,
				FA5E50FB1A2569940031E825 /* XMLReader.m in Sources */,
				FA5E50F11A2568D90031E825 /* GBRootViewController.m in Sources */,
				FA5E51131A256B0C0031E825 /* UIViewController+GBMailComposer.m in Sources */,
				FA5E51061A256A8C0031E825 /* GBBusAnnotation.m in Sources */,
				FA5E51141A256B160031E825 /* GBConfig.m in Sources */,
			);
			runOnlyForDeploymentPostprocessing = 0;
		};
		FAB9D2621A2270F700EC9736 /* Sources */ = {
			isa = PBXSourcesBuildPhase;
			buildActionMask = 2147483647;
			files = (
				FA4519191A22744B00EC849C /* GBColors.m in Sources */,
				FA45190E1A2272E600EC849C /* GBStopGroup.m in Sources */,
				FA45190F1A2272E900EC849C /* GBStopView.m in Sources */,
				FAB9D26D1A2270F700EC9736 /* TodayViewController.m in Sources */,
				FA4519121A22730500EC849C /* GBRoute.m in Sources */,
				FA45190D1A2272E400EC849C /* GBSectionView.m in Sources */,
				FA45190B1A2272DF00EC849C /* GBErrorView.m in Sources */,
				FA4519111A22730000EC849C /* RequestHandler.m in Sources */,
				FA4519171A22734F00EC849C /* GBDirection.m in Sources */,
				FA938B471A26E26E0018823A /* GBConfig.m in Sources */,
				FA45190C1A2272E100EC849C /* GBSectionHeaderView.m in Sources */,
				FA4519161A22734A00EC849C /* GBRequestHandler.m in Sources */,
				FA4519151A22734700EC849C /* GBConstants.m in Sources */,
				FA4519101A2272FC00EC849C /* XMLReader.m in Sources */,
				FA938B441A26C8900018823A /* GBConstraintHelper.m in Sources */,
				FA4519131A22730700EC849C /* GBStop.m in Sources */,
				FA4519091A2272DA00EC849C /* GBExtensionViewController.m in Sources */,
			);
			runOnlyForDeploymentPostprocessing = 0;
		};
		FAC480111A2004D20000DC6B /* Sources */ = {
			isa = PBXSourcesBuildPhase;
			buildActionMask = 2147483647;
			files = (
				FAC480381A200F400000DC6B /* GBStop.m in Sources */,
				FAC480911A201B330000DC6B /* GBStopView.m in Sources */,
				FAC480371A200F3E0000DC6B /* GBRoute.m in Sources */,
				FAC480331A2008EA0000DC6B /* RequestHandler.m in Sources */,
				FAC480871A201B330000DC6B /* GBErrorView.m in Sources */,
				FAC4803A1A200F770000DC6B /* GBColors.m in Sources */,
				FAC4808F1A201B330000DC6B /* GBStopGroup.m in Sources */,
				FAC480341A2009550000DC6B /* GBConstants.m in Sources */,
				FAC4803B1A20105F0000DC6B /* XMLReader.m in Sources */,
				FA938B461A26E26D0018823A /* GBConfig.m in Sources */,
				FAC480891A201B330000DC6B /* GBExtensionViewController.m in Sources */,
				FAC480391A200F550000DC6B /* GBDirection.m in Sources */,
				FAC480321A2008DE0000DC6B /* GBRequestHandler.m in Sources */,
				FAC4801C1A2004D20000DC6B /* TodayViewController.m in Sources */,
				FA938B431A26C8900018823A /* GBConstraintHelper.m in Sources */,
				FAC4808B1A201B330000DC6B /* GBSectionHeaderView.m in Sources */,
				FAC4808D1A201B330000DC6B /* GBSectionView.m in Sources */,
			);
			runOnlyForDeploymentPostprocessing = 0;
		};
/* End PBXSourcesBuildPhase section */

/* Begin PBXTargetDependency section */
		FA1FE94D18A1D8A300757643 /* PBXTargetDependency */ = {
			isa = PBXTargetDependency;
			target = FA1FE92518A1D8A300757643 /* GT-Buses */;
			targetProxy = FA1FE94C18A1D8A300757643 /* PBXContainerItemProxy */;
		};
		FAB9D2711A2270F700EC9736 /* PBXTargetDependency */ = {
			isa = PBXTargetDependency;
			target = FAB9D2651A2270F700EC9736 /* GT-Buses Nearby */;
			targetProxy = FAB9D2701A2270F700EC9736 /* PBXContainerItemProxy */;
		};
		FAC480201A2004D20000DC6B /* PBXTargetDependency */ = {
			isa = PBXTargetDependency;
			target = FAC480141A2004D20000DC6B /* GT-Buses Favorites */;
			targetProxy = FAC4801F1A2004D20000DC6B /* PBXContainerItemProxy */;
		};
/* End PBXTargetDependency section */

/* Begin PBXVariantGroup section */
		FA1FE95118A1D8A300757643 /* InfoPlist.strings */ = {
			isa = PBXVariantGroup;
			children = (
				FA1FE95218A1D8A300757643 /* en */,
			);
			name = InfoPlist.strings;
			sourceTree = "<group>";
		};
		FA5531451A20E75300BAFB90 /* InfoPlist.strings */ = {
			isa = PBXVariantGroup;
			children = (
				FA5531461A20E75300BAFB90 /* en */,
			);
			name = InfoPlist.strings;
			sourceTree = "<group>";
		};
		FA5531471A20E75300BAFB90 /* Localizable.strings */ = {
			isa = PBXVariantGroup;
			children = (
				FA5531481A20E75300BAFB90 /* en */,
			);
			name = Localizable.strings;
			sourceTree = "<group>";
		};
/* End PBXVariantGroup section */

/* Begin XCBuildConfiguration section */
		FA1FE95618A1D8A300757643 /* Debug */ = {
			isa = XCBuildConfiguration;
			buildSettings = {
				ALWAYS_SEARCH_USER_PATHS = NO;
				CLANG_CXX_LANGUAGE_STANDARD = "gnu++0x";
				CLANG_CXX_LIBRARY = "libc++";
				CLANG_ENABLE_MODULES = YES;
				CLANG_ENABLE_OBJC_ARC = YES;
				CLANG_WARN_BOOL_CONVERSION = YES;
				CLANG_WARN_CONSTANT_CONVERSION = YES;
				CLANG_WARN_DIRECT_OBJC_ISA_USAGE = YES_ERROR;
				CLANG_WARN_EMPTY_BODY = YES;
				CLANG_WARN_ENUM_CONVERSION = YES;
				CLANG_WARN_INT_CONVERSION = YES;
				CLANG_WARN_OBJC_ROOT_CLASS = YES_ERROR;
				CLANG_WARN__DUPLICATE_METHOD_MATCH = YES;
				CODE_SIGN_IDENTITY = "iPhone Distribution: Alex Perez (3M2F493L45)";
				"CODE_SIGN_IDENTITY[sdk=iphoneos*]" = "iPhone Distribution: Alex Perez (3M2F493L45)";
				COPY_PHASE_STRIP = NO;
				GCC_C_LANGUAGE_STANDARD = gnu99;
				GCC_DYNAMIC_NO_PIC = NO;
				GCC_OPTIMIZATION_LEVEL = 0;
				GCC_PREPROCESSOR_DEFINITIONS = (
					"DEBUG=1",
					"$(inherited)",
				);
				GCC_SYMBOLS_PRIVATE_EXTERN = NO;
				GCC_WARN_64_TO_32_BIT_CONVERSION = YES;
				GCC_WARN_ABOUT_RETURN_TYPE = YES_ERROR;
				GCC_WARN_UNDECLARED_SELECTOR = YES;
				GCC_WARN_UNINITIALIZED_AUTOS = YES_AGGRESSIVE;
				GCC_WARN_UNUSED_FUNCTION = YES;
				GCC_WARN_UNUSED_VARIABLE = YES;
				IPHONEOS_DEPLOYMENT_TARGET = 6.0;
				ONLY_ACTIVE_ARCH = YES;
				SDKROOT = iphoneos;
			};
			name = Debug;
		};
		FA1FE95718A1D8A300757643 /* Release */ = {
			isa = XCBuildConfiguration;
			buildSettings = {
				ALWAYS_SEARCH_USER_PATHS = NO;
				CLANG_CXX_LANGUAGE_STANDARD = "gnu++0x";
				CLANG_CXX_LIBRARY = "libc++";
				CLANG_ENABLE_MODULES = YES;
				CLANG_ENABLE_OBJC_ARC = YES;
				CLANG_WARN_BOOL_CONVERSION = YES;
				CLANG_WARN_CONSTANT_CONVERSION = YES;
				CLANG_WARN_DIRECT_OBJC_ISA_USAGE = YES_ERROR;
				CLANG_WARN_EMPTY_BODY = YES;
				CLANG_WARN_ENUM_CONVERSION = YES;
				CLANG_WARN_INT_CONVERSION = YES;
				CLANG_WARN_OBJC_ROOT_CLASS = YES_ERROR;
				CLANG_WARN__DUPLICATE_METHOD_MATCH = YES;
				CODE_SIGN_IDENTITY = "iPhone Distribution: Alex Perez (3M2F493L45)";
				"CODE_SIGN_IDENTITY[sdk=iphoneos*]" = "iPhone Distribution: Alex Perez (3M2F493L45)";
				COPY_PHASE_STRIP = YES;
				ENABLE_NS_ASSERTIONS = NO;
				GCC_C_LANGUAGE_STANDARD = gnu99;
				GCC_WARN_64_TO_32_BIT_CONVERSION = YES;
				GCC_WARN_ABOUT_RETURN_TYPE = YES_ERROR;
				GCC_WARN_UNDECLARED_SELECTOR = YES;
				GCC_WARN_UNINITIALIZED_AUTOS = YES_AGGRESSIVE;
				GCC_WARN_UNUSED_FUNCTION = YES;
				GCC_WARN_UNUSED_VARIABLE = YES;
				IPHONEOS_DEPLOYMENT_TARGET = 6.0;
				SDKROOT = iphoneos;
				VALIDATE_PRODUCT = YES;
			};
			name = Release;
		};
		FA1FE95918A1D8A300757643 /* Debug */ = {
			isa = XCBuildConfiguration;
			buildSettings = {
				ASSETCATALOG_COMPILER_APPICON_NAME = AppIcon;
				ASSETCATALOG_COMPILER_LAUNCHIMAGE_NAME = LaunchImage;
				CODE_SIGN_ENTITLEMENTS = "GT-Buses/GT-Buses.entitlements";
				CODE_SIGN_IDENTITY = "iPhone Developer";
				"CODE_SIGN_IDENTITY[sdk=iphoneos*]" = "iPhone Developer";
				CURRENT_PROJECT_VERSION = "";
				GCC_PRECOMPILE_PREFIX_HEADER = YES;
				GCC_PREFIX_HEADER = "GT-Buses/GT-Buses-Prefix.pch";
				GCC_PREPROCESSOR_DEFINITIONS = (
					"$(inherited)",
					"DEFAULT_IMAGE=0",
					"APP_STORE_MAP=0",
					"HIDE_MAP=1",
					"LOCAL_SERVER=1",
				);
				GCC_WARN_ABOUT_MISSING_NEWLINE = YES;
				INFOPLIST_FILE = "GT-Buses/Info.plist";
				IPHONEOS_DEPLOYMENT_TARGET = 6.0;
				ONLY_ACTIVE_ARCH = NO;
				PRODUCT_NAME = "$(TARGET_NAME)";
				PROVISIONING_PROFILE = "";
				TARGETED_DEVICE_FAMILY = "1,2";
				VALID_ARCHS = "armv7 armv7s arm64";
				VERSIONING_SYSTEM = "";
				WRAPPER_EXTENSION = app;
			};
			name = Debug;
		};
		FA1FE95A18A1D8A300757643 /* Release */ = {
			isa = XCBuildConfiguration;
			buildSettings = {
				ASSETCATALOG_COMPILER_APPICON_NAME = AppIcon;
				ASSETCATALOG_COMPILER_LAUNCHIMAGE_NAME = LaunchImage;
				CODE_SIGN_ENTITLEMENTS = "GT-Buses/GT-Buses.entitlements";
				CODE_SIGN_IDENTITY = "iPhone Developer";
				"CODE_SIGN_IDENTITY[sdk=iphoneos*]" = "iPhone Developer";
				COPY_PHASE_STRIP = YES;
				CURRENT_PROJECT_VERSION = "";
				GCC_PRECOMPILE_PREFIX_HEADER = YES;
				GCC_PREFIX_HEADER = "GT-Buses/GT-Buses-Prefix.pch";
				GCC_WARN_ABOUT_MISSING_NEWLINE = YES;
				INFOPLIST_FILE = "GT-Buses/Info.plist";
				IPHONEOS_DEPLOYMENT_TARGET = 6.0;
				ONLY_ACTIVE_ARCH = NO;
				PRODUCT_NAME = "$(TARGET_NAME)";
				PROVISIONING_PROFILE = "";
				TARGETED_DEVICE_FAMILY = "1,2";
				VALID_ARCHS = "armv7 armv7s arm64";
				VERSIONING_SYSTEM = "";
				WRAPPER_EXTENSION = app;
			};
			name = Release;
		};
		FA1FE95C18A1D8A300757643 /* Debug */ = {
			isa = XCBuildConfiguration;
			buildSettings = {
				BUNDLE_LOADER = "$(BUILT_PRODUCTS_DIR)/GT-Buses.app/GT-Buses";
				CODE_SIGN_IDENTITY = "iPhone Developer";
				FRAMEWORK_SEARCH_PATHS = (
					"$(SDKROOT)/Developer/Library/Frameworks",
					"$(inherited)",
					"$(DEVELOPER_FRAMEWORKS_DIR)",
				);
				GCC_PRECOMPILE_PREFIX_HEADER = YES;
				GCC_PREFIX_HEADER = "GT-Buses/GT-Buses-Prefix.pch";
				GCC_PREPROCESSOR_DEFINITIONS = (
					"DEBUG=1",
					"$(inherited)",
				);
				INFOPLIST_FILE = "GT-BusesTests/GT-BusesTests-Info.plist";
				IPHONEOS_DEPLOYMENT_TARGET = 5.0;
				PRODUCT_NAME = "$(TARGET_NAME)";
				TEST_HOST = "$(BUNDLE_LOADER)";
				WRAPPER_EXTENSION = xctest;
			};
			name = Debug;
		};
		FA1FE95D18A1D8A300757643 /* Release */ = {
			isa = XCBuildConfiguration;
			buildSettings = {
				BUNDLE_LOADER = "$(BUILT_PRODUCTS_DIR)/GT-Buses.app/GT-Buses";
				CODE_SIGN_IDENTITY = "iPhone Developer";
				FRAMEWORK_SEARCH_PATHS = (
					"$(SDKROOT)/Developer/Library/Frameworks",
					"$(inherited)",
					"$(DEVELOPER_FRAMEWORKS_DIR)",
				);
				GCC_PRECOMPILE_PREFIX_HEADER = YES;
				GCC_PREFIX_HEADER = "GT-Buses/GT-Buses-Prefix.pch";
				INFOPLIST_FILE = "GT-BusesTests/GT-BusesTests-Info.plist";
				IPHONEOS_DEPLOYMENT_TARGET = 5.0;
				PRODUCT_NAME = "$(TARGET_NAME)";
				TEST_HOST = "$(BUNDLE_LOADER)";
				WRAPPER_EXTENSION = xctest;
			};
			name = Release;
		};
		FA5E50E81A2567370031E825 /* Debug */ = {
			isa = XCBuildConfiguration;
			buildSettings = {
				CLANG_WARN_UNREACHABLE_CODE = YES;
				ENABLE_STRICT_OBJC_MSGSEND = YES;
				GCC_PREPROCESSOR_DEFINITIONS = (
					"DEBUG=1",
					"$(inherited)",
				);
				IPHONEOS_DEPLOYMENT_TARGET = 6.0;
				MTL_ENABLE_DEBUG_INFO = YES;
				OTHER_LDFLAGS = "-ObjC";
				PRODUCT_NAME = "$(TARGET_NAME)";
				SKIP_INSTALL = YES;
				USER_HEADER_SEARCH_PATHS = "../**";
			};
			name = Debug;
		};
		FA5E50E91A2567370031E825 /* Release */ = {
			isa = XCBuildConfiguration;
			buildSettings = {
				CLANG_WARN_UNREACHABLE_CODE = YES;
				ENABLE_STRICT_OBJC_MSGSEND = YES;
				IPHONEOS_DEPLOYMENT_TARGET = 6.0;
				MTL_ENABLE_DEBUG_INFO = NO;
				OTHER_LDFLAGS = "-ObjC";
				PRODUCT_NAME = "$(TARGET_NAME)";
				SKIP_INSTALL = YES;
				USER_HEADER_SEARCH_PATHS = "../**";
			};
			name = Release;
		};
		FAB9D2741A2270F700EC9736 /* Debug */ = {
			isa = XCBuildConfiguration;
			buildSettings = {
				CLANG_WARN_UNREACHABLE_CODE = YES;
				CODE_SIGN_ENTITLEMENTS = "GT-Buses Nearby/GT-Buses Nearby.entitlements";
				CODE_SIGN_IDENTITY = "iPhone Developer";
				"CODE_SIGN_IDENTITY[sdk=iphoneos*]" = "iPhone Developer";
				ENABLE_STRICT_OBJC_MSGSEND = YES;
				GCC_PREPROCESSOR_DEFINITIONS = (
					"EXTENSION=1",
					"$(inherited)",
				);
				INFOPLIST_FILE = "GT-Buses Nearby/Info.plist";
				IPHONEOS_DEPLOYMENT_TARGET = 8.0;
				LD_RUNPATH_SEARCH_PATHS = "$(inherited) @executable_path/Frameworks @executable_path/../../Frameworks";
				MTL_ENABLE_DEBUG_INFO = YES;
				PRODUCT_NAME = "$(TARGET_NAME)";
				PROVISIONING_PROFILE = "";
				SKIP_INSTALL = YES;
				TARGETED_DEVICE_FAMILY = "1,2";
			};
			name = Debug;
		};
		FAB9D2751A2270F700EC9736 /* Release */ = {
			isa = XCBuildConfiguration;
			buildSettings = {
				CLANG_WARN_UNREACHABLE_CODE = YES;
				CODE_SIGN_ENTITLEMENTS = "GT-Buses Nearby/GT-Buses Nearby.entitlements";
				CODE_SIGN_IDENTITY = "iPhone Developer";
				"CODE_SIGN_IDENTITY[sdk=iphoneos*]" = "iPhone Developer";
				ENABLE_STRICT_OBJC_MSGSEND = YES;
				GCC_PREPROCESSOR_DEFINITIONS = "EXTENSION=1";
				INFOPLIST_FILE = "GT-Buses Nearby/Info.plist";
				IPHONEOS_DEPLOYMENT_TARGET = 8.0;
				LD_RUNPATH_SEARCH_PATHS = "$(inherited) @executable_path/Frameworks @executable_path/../../Frameworks";
				MTL_ENABLE_DEBUG_INFO = NO;
				PRODUCT_NAME = "$(TARGET_NAME)";
				PROVISIONING_PROFILE = "";
				SKIP_INSTALL = YES;
				TARGETED_DEVICE_FAMILY = "1,2";
			};
			name = Release;
		};
		FAC480221A2004D20000DC6B /* Debug */ = {
			isa = XCBuildConfiguration;
			buildSettings = {
				CLANG_WARN_UNREACHABLE_CODE = YES;
				CODE_SIGN_ENTITLEMENTS = "GT-Buses Favorites/GT-Buses Favorites.entitlements";
				CODE_SIGN_IDENTITY = "iPhone Developer";
				"CODE_SIGN_IDENTITY[sdk=iphoneos*]" = "iPhone Developer";
				ENABLE_STRICT_OBJC_MSGSEND = YES;
				GCC_PREPROCESSOR_DEFINITIONS = (
					"EXTENSION=1",
					"$(inherited)",
				);
				INFOPLIST_FILE = "GT-Buses Favorites/Info.plist";
				IPHONEOS_DEPLOYMENT_TARGET = 8.0;
				LD_RUNPATH_SEARCH_PATHS = "$(inherited) @executable_path/Frameworks @executable_path/../../Frameworks";
				MTL_ENABLE_DEBUG_INFO = YES;
				PRODUCT_NAME = "$(TARGET_NAME)";
				PROVISIONING_PROFILE = "";
				SKIP_INSTALL = YES;
				TARGETED_DEVICE_FAMILY = "1,2";
			};
			name = Debug;
		};
		FAC480231A2004D20000DC6B /* Release */ = {
			isa = XCBuildConfiguration;
			buildSettings = {
				CLANG_WARN_UNREACHABLE_CODE = YES;
				CODE_SIGN_ENTITLEMENTS = "GT-Buses Favorites/GT-Buses Favorites.entitlements";
				CODE_SIGN_IDENTITY = "iPhone Developer";
				"CODE_SIGN_IDENTITY[sdk=iphoneos*]" = "iPhone Developer";
				ENABLE_STRICT_OBJC_MSGSEND = YES;
				GCC_PREPROCESSOR_DEFINITIONS = "EXTENSION=1";
				INFOPLIST_FILE = "GT-Buses Favorites/Info.plist";
				IPHONEOS_DEPLOYMENT_TARGET = 8.0;
				LD_RUNPATH_SEARCH_PATHS = "$(inherited) @executable_path/Frameworks @executable_path/../../Frameworks";
				MTL_ENABLE_DEBUG_INFO = NO;
				PRODUCT_NAME = "$(TARGET_NAME)";
				PROVISIONING_PROFILE = "";
				SKIP_INSTALL = YES;
				TARGETED_DEVICE_FAMILY = "1,2";
			};
			name = Release;
		};
/* End XCBuildConfiguration section */

/* Begin XCConfigurationList section */
		FA1FE92118A1D8A300757643 /* Build configuration list for PBXProject "GT-Buses" */ = {
			isa = XCConfigurationList;
			buildConfigurations = (
				FA1FE95618A1D8A300757643 /* Debug */,
				FA1FE95718A1D8A300757643 /* Release */,
			);
			defaultConfigurationIsVisible = 0;
			defaultConfigurationName = Release;
		};
		FA1FE95818A1D8A300757643 /* Build configuration list for PBXNativeTarget "GT-Buses" */ = {
			isa = XCConfigurationList;
			buildConfigurations = (
				FA1FE95918A1D8A300757643 /* Debug */,
				FA1FE95A18A1D8A300757643 /* Release */,
			);
			defaultConfigurationIsVisible = 0;
			defaultConfigurationName = Release;
		};
		FA1FE95B18A1D8A300757643 /* Build configuration list for PBXNativeTarget "GT-BusesTests" */ = {
			isa = XCConfigurationList;
			buildConfigurations = (
				FA1FE95C18A1D8A300757643 /* Debug */,
				FA1FE95D18A1D8A300757643 /* Release */,
			);
			defaultConfigurationIsVisible = 0;
			defaultConfigurationName = Release;
		};
		FA5E50E71A2567370031E825 /* Build configuration list for PBXNativeTarget "Buses" */ = {
			isa = XCConfigurationList;
			buildConfigurations = (
				FA5E50E81A2567370031E825 /* Debug */,
				FA5E50E91A2567370031E825 /* Release */,
			);
			defaultConfigurationIsVisible = 0;
			defaultConfigurationName = Release;
		};
		FAB9D2731A2270F700EC9736 /* Build configuration list for PBXNativeTarget "GT-Buses Nearby" */ = {
			isa = XCConfigurationList;
			buildConfigurations = (
				FAB9D2741A2270F700EC9736 /* Debug */,
				FAB9D2751A2270F700EC9736 /* Release */,
			);
			defaultConfigurationIsVisible = 0;
			defaultConfigurationName = Release;
		};
		FAC480241A2004D30000DC6B /* Build configuration list for PBXNativeTarget "GT-Buses Favorites" */ = {
			isa = XCConfigurationList;
			buildConfigurations = (
				FAC480221A2004D20000DC6B /* Debug */,
				FAC480231A2004D20000DC6B /* Release */,
			);
			defaultConfigurationIsVisible = 0;
			defaultConfigurationName = Release;
		};
/* End XCConfigurationList section */
	};
	rootObject = FA1FE91E18A1D8A300757643 /* Project object */;
}
